// !$*UTF8*$!
{
	archiveVersion = 1;
	classes = {
	};
	objectVersion = 46;
	objects = {

/* Begin PBXBuildFile section */
		0A337BE51C413F3C00CEA758 /* BbsRepository.swift in Sources */ = {isa = PBXBuildFile; fileRef = 0A337BE41C413F3C00CEA758 /* BbsRepository.swift */; };
		0A337BE71C41405500CEA758 /* BbsCommentRepository.swift in Sources */ = {isa = PBXBuildFile; fileRef = 0A337BE61C41405500CEA758 /* BbsCommentRepository.swift */; };
		0A337BE91C414B4700CEA758 /* Repository.swift in Sources */ = {isa = PBXBuildFile; fileRef = 0A337BE81C414B4700CEA758 /* Repository.swift */; };
		0A337BEB1C414BCA00CEA758 /* UserRepository.swift in Sources */ = {isa = PBXBuildFile; fileRef = 0A337BEA1C414BCA00CEA758 /* UserRepository.swift */; };
		0A337BEF1C41C67C00CEA758 /* DatabaseManager.swift in Sources */ = {isa = PBXBuildFile; fileRef = 0A337BEE1C41C67C00CEA758 /* DatabaseManager.swift */; };
		0A84901E1C36CB2500149828 /* PerfectLib.framework in Frameworks */ = {isa = PBXBuildFile; fileRef = 0A84901D1C36CB2500149828 /* PerfectLib.framework */; };
		0A8490211C36FCB900149828 /* Config.swift in Sources */ = {isa = PBXBuildFile; fileRef = 0A8490201C36FCB900149828 /* Config.swift */; };
		0A84902E1C370BEE00149828 /* template.mustache in CopyFiles */ = {isa = PBXBuildFile; fileRef = 0A84902B1C370AEF00149828 /* template.mustache */; };
		0A8490301C39907D00149828 /* sqlite.mustache in Resources */ = {isa = PBXBuildFile; fileRef = 0A84902F1C39907D00149828 /* sqlite.mustache */; };
		0A8490311C39954100149828 /* sqlite.mustache in CopyFiles */ = {isa = PBXBuildFile; fileRef = 0A84902F1C39907D00149828 /* sqlite.mustache */; };
		0A8490361C3BE05000149828 /* user_register.mustache in Resources */ = {isa = PBXBuildFile; fileRef = 0A8490351C3BE05000149828 /* user_register.mustache */; };
		0A8490371C3BE14A00149828 /* user_register.mustache in CopyFiles */ = {isa = PBXBuildFile; fileRef = 0A8490351C3BE05000149828 /* user_register.mustache */; };
		0A8490391C3BF07100149828 /* user_login.mustache in Resources */ = {isa = PBXBuildFile; fileRef = 0A8490381C3BF07100149828 /* user_login.mustache */; };
		0A84903A1C3BF12500149828 /* user_login.mustache in CopyFiles */ = {isa = PBXBuildFile; fileRef = 0A8490381C3BF07100149828 /* user_login.mustache */; };
		0A84903C1C3BFC9D00149828 /* bbs_detail.mustache in Resources */ = {isa = PBXBuildFile; fileRef = 0A84903B1C3BFC9D00149828 /* bbs_detail.mustache */; };
		0A84903D1C3BFD7400149828 /* bbs_detail.mustache in CopyFiles */ = {isa = PBXBuildFile; fileRef = 0A84903B1C3BFC9D00149828 /* bbs_detail.mustache */; };
		0A84903F1C3C059D00149828 /* bbs_list.mustache in Resources */ = {isa = PBXBuildFile; fileRef = 0A84903E1C3C059D00149828 /* bbs_list.mustache */; };
		0A8490401C3C069500149828 /* bbs_list.mustache in CopyFiles */ = {isa = PBXBuildFile; fileRef = 0A84903E1C3C059D00149828 /* bbs_list.mustache */; };
		0A98F58A1C36B4D800E94B9D /* SwiftBBS Server.h in Headers */ = {isa = PBXBuildFile; fileRef = 0A98F5891C36B4D800E94B9D /* SwiftBBS Server.h */; settings = {ATTRIBUTES = (Public, ); }; };
		0A98F5911C36B4D800E94B9D /* SwiftBBS Server.framework in Frameworks */ = {isa = PBXBuildFile; fileRef = 0A98F5861C36B4D800E94B9D /* SwiftBBS Server.framework */; };
		0A98F5961C36B4D800E94B9D /* SwiftBBS_ServerTests.swift in Sources */ = {isa = PBXBuildFile; fileRef = 0A98F5951C36B4D800E94B9D /* SwiftBBS_ServerTests.swift */; };
		0A98F59F1C36B52700E94B9D /* PerfectHandlers.swift in Sources */ = {isa = PBXBuildFile; fileRef = 0A98F59E1C36B52700E94B9D /* PerfectHandlers.swift */; };
		0AE911E71C3E9DF300F6BA79 /* common_header.mustache in Resources */ = {isa = PBXBuildFile; fileRef = 0AE911E61C3E9DF300F6BA79 /* common_header.mustache */; };
		0AE911E81C3EA4D200F6BA79 /* common_header.mustache in CopyFiles */ = {isa = PBXBuildFile; fileRef = 0AE911E61C3E9DF300F6BA79 /* common_header.mustache */; };
		0AE911EA1C3EA59900F6BA79 /* common_footer.mustache in Resources */ = {isa = PBXBuildFile; fileRef = 0AE911E91C3EA59900F6BA79 /* common_footer.mustache */; };
		0AE911EB1C3EA5C200F6BA79 /* common_footer.mustache in CopyFiles */ = {isa = PBXBuildFile; fileRef = 0AE911E91C3EA59900F6BA79 /* common_footer.mustache */; };
		0AE911F01C3ED29400F6BA79 /* perfect_icon.png in Resources */ = {isa = PBXBuildFile; fileRef = 0AE911EF1C3ED29400F6BA79 /* perfect_icon.png */; };
		0AE911F11C3ED2AF00F6BA79 /* perfect_icon.png in CopyFiles */ = {isa = PBXBuildFile; fileRef = 0AE911EF1C3ED29400F6BA79 /* perfect_icon.png */; };
		0AE911F31C40EEB700F6BA79 /* user_mypage.mustache in Resources */ = {isa = PBXBuildFile; fileRef = 0AE911F21C40EEB700F6BA79 /* user_mypage.mustache */; };
		0AE911F41C40F04D00F6BA79 /* user_mypage.mustache in CopyFiles */ = {isa = PBXBuildFile; fileRef = 0AE911F21C40EEB700F6BA79 /* user_mypage.mustache */; };
/* End PBXBuildFile section */

/* Begin PBXContainerItemProxy section */
		0A98F5921C36B4D800E94B9D /* PBXContainerItemProxy */ = {
			isa = PBXContainerItemProxy;
			containerPortal = 0A98F55F1C36A9FB00E94B9D /* Project object */;
			proxyType = 1;
			remoteGlobalIDString = 0A98F5851C36B4D800E94B9D;
			remoteInfo = "SwiftBBS Server";
		};
/* End PBXContainerItemProxy section */

/* Begin PBXCopyFilesBuildPhase section */
		0A84902D1C370B5E00149828 /* CopyFiles */ = {
			isa = PBXCopyFilesBuildPhase;
			buildActionMask = 2147483647;
			dstPath = Templates;
			dstSubfolderSpec = 16;
			files = (
				0AE911F41C40F04D00F6BA79 /* user_mypage.mustache in CopyFiles */,
				0AE911EB1C3EA5C200F6BA79 /* common_footer.mustache in CopyFiles */,
				0AE911E81C3EA4D200F6BA79 /* common_header.mustache in CopyFiles */,
				0A8490401C3C069500149828 /* bbs_list.mustache in CopyFiles */,
				0A84903D1C3BFD7400149828 /* bbs_detail.mustache in CopyFiles */,
				0A84903A1C3BF12500149828 /* user_login.mustache in CopyFiles */,
				0A8490371C3BE14A00149828 /* user_register.mustache in CopyFiles */,
				0A8490311C39954100149828 /* sqlite.mustache in CopyFiles */,
				0A84902E1C370BEE00149828 /* template.mustache in CopyFiles */,
			);
			runOnlyForDeploymentPostprocessing = 0;
		};
		0A8490461C3D547D00149828 /* CopyFiles */ = {
			isa = PBXCopyFilesBuildPhase;
			buildActionMask = 2147483647;
			dstPath = webroot/assets/img;
			dstSubfolderSpec = 16;
			files = (
				0AE911F11C3ED2AF00F6BA79 /* perfect_icon.png in CopyFiles */,
			);
			runOnlyForDeploymentPostprocessing = 0;
		};
/* End PBXCopyFilesBuildPhase section */

/* Begin PBXFileReference section */
		0A337BE41C413F3C00CEA758 /* BbsRepository.swift */ = {isa = PBXFileReference; fileEncoding = 4; lastKnownFileType = sourcecode.swift; path = BbsRepository.swift; sourceTree = "<group>"; };
		0A337BE61C41405500CEA758 /* BbsCommentRepository.swift */ = {isa = PBXFileReference; fileEncoding = 4; lastKnownFileType = sourcecode.swift; path = BbsCommentRepository.swift; sourceTree = "<group>"; };
		0A337BE81C414B4700CEA758 /* Repository.swift */ = {isa = PBXFileReference; fileEncoding = 4; lastKnownFileType = sourcecode.swift; path = Repository.swift; sourceTree = "<group>"; };
		0A337BEA1C414BCA00CEA758 /* UserRepository.swift */ = {isa = PBXFileReference; fileEncoding = 4; lastKnownFileType = sourcecode.swift; path = UserRepository.swift; sourceTree = "<group>"; };
		0A337BEE1C41C67C00CEA758 /* DatabaseManager.swift */ = {isa = PBXFileReference; fileEncoding = 4; lastKnownFileType = sourcecode.swift; path = DatabaseManager.swift; sourceTree = "<group>"; };
		0A84901D1C36CB2500149828 /* PerfectLib.framework */ = {isa = PBXFileReference; lastKnownFileType = wrapper.framework; name = PerfectLib.framework; path = "../../Library/Developer/Xcode/DerivedData/Perfect-bmsnkpplajpulvabysklkvgjzgsj/Build/Products/Debug/PerfectLib.framework"; sourceTree = "<group>"; };
		0A8490201C36FCB900149828 /* Config.swift */ = {isa = PBXFileReference; fileEncoding = 4; lastKnownFileType = sourcecode.swift; path = Config.swift; sourceTree = "<group>"; };
		0A84902B1C370AEF00149828 /* template.mustache */ = {isa = PBXFileReference; fileEncoding = 4; lastKnownFileType = text; path = template.mustache; sourceTree = "<group>"; };
		0A84902F1C39907D00149828 /* sqlite.mustache */ = {isa = PBXFileReference; fileEncoding = 4; lastKnownFileType = text; path = sqlite.mustache; sourceTree = "<group>"; };
		0A8490351C3BE05000149828 /* user_register.mustache */ = {isa = PBXFileReference; fileEncoding = 4; lastKnownFileType = text; path = user_register.mustache; sourceTree = "<group>"; };
		0A8490381C3BF07100149828 /* user_login.mustache */ = {isa = PBXFileReference; fileEncoding = 4; lastKnownFileType = text; path = user_login.mustache; sourceTree = "<group>"; };
		0A84903B1C3BFC9D00149828 /* bbs_detail.mustache */ = {isa = PBXFileReference; fileEncoding = 4; lastKnownFileType = text; path = bbs_detail.mustache; sourceTree = "<group>"; };
		0A84903E1C3C059D00149828 /* bbs_list.mustache */ = {isa = PBXFileReference; fileEncoding = 4; lastKnownFileType = text; path = bbs_list.mustache; sourceTree = "<group>"; };
		0A98F5861C36B4D800E94B9D /* SwiftBBS Server.framework */ = {isa = PBXFileReference; explicitFileType = wrapper.framework; includeInIndex = 0; path = "SwiftBBS Server.framework"; sourceTree = BUILT_PRODUCTS_DIR; };
		0A98F5891C36B4D800E94B9D /* SwiftBBS Server.h */ = {isa = PBXFileReference; lastKnownFileType = sourcecode.c.h; path = "SwiftBBS Server.h"; sourceTree = "<group>"; };
		0A98F58B1C36B4D800E94B9D /* Info.plist */ = {isa = PBXFileReference; lastKnownFileType = text.plist.xml; path = Info.plist; sourceTree = "<group>"; };
		0A98F5901C36B4D800E94B9D /* SwiftBBS ServerTests.xctest */ = {isa = PBXFileReference; explicitFileType = wrapper.cfbundle; includeInIndex = 0; path = "SwiftBBS ServerTests.xctest"; sourceTree = BUILT_PRODUCTS_DIR; };
		0A98F5951C36B4D800E94B9D /* SwiftBBS_ServerTests.swift */ = {isa = PBXFileReference; lastKnownFileType = sourcecode.swift; path = SwiftBBS_ServerTests.swift; sourceTree = "<group>"; };
		0A98F5971C36B4D800E94B9D /* Info.plist */ = {isa = PBXFileReference; lastKnownFileType = text.plist.xml; path = Info.plist; sourceTree = "<group>"; };
		0A98F59E1C36B52700E94B9D /* PerfectHandlers.swift */ = {isa = PBXFileReference; fileEncoding = 4; lastKnownFileType = sourcecode.swift; path = PerfectHandlers.swift; sourceTree = "<group>"; };
		0AE911E61C3E9DF300F6BA79 /* common_header.mustache */ = {isa = PBXFileReference; fileEncoding = 4; lastKnownFileType = text; path = common_header.mustache; sourceTree = "<group>"; };
		0AE911E91C3EA59900F6BA79 /* common_footer.mustache */ = {isa = PBXFileReference; fileEncoding = 4; lastKnownFileType = text; path = common_footer.mustache; sourceTree = "<group>"; };
		0AE911EF1C3ED29400F6BA79 /* perfect_icon.png */ = {isa = PBXFileReference; lastKnownFileType = image.png; path = perfect_icon.png; sourceTree = "<group>"; };
		0AE911F21C40EEB700F6BA79 /* user_mypage.mustache */ = {isa = PBXFileReference; fileEncoding = 4; lastKnownFileType = text; path = user_mypage.mustache; sourceTree = "<group>"; };
/* End PBXFileReference section */

/* Begin PBXFrameworksBuildPhase section */
		0A98F5821C36B4D800E94B9D /* Frameworks */ = {
			isa = PBXFrameworksBuildPhase;
			buildActionMask = 2147483647;
			files = (
				0A84901E1C36CB2500149828 /* PerfectLib.framework in Frameworks */,
			);
			runOnlyForDeploymentPostprocessing = 0;
		};
		0A98F58D1C36B4D800E94B9D /* Frameworks */ = {
			isa = PBXFrameworksBuildPhase;
			buildActionMask = 2147483647;
			files = (
				0A98F5911C36B4D800E94B9D /* SwiftBBS Server.framework in Frameworks */,
			);
			runOnlyForDeploymentPostprocessing = 0;
		};
/* End PBXFrameworksBuildPhase section */

/* Begin PBXGroup section */
		0A337BE31C413EF900CEA758 /* Repository */ = {
			isa = PBXGroup;
			children = (
				0A337BEE1C41C67C00CEA758 /* DatabaseManager.swift */,
				0A337BE81C414B4700CEA758 /* Repository.swift */,
				0A337BEA1C414BCA00CEA758 /* UserRepository.swift */,
				0A337BE41C413F3C00CEA758 /* BbsRepository.swift */,
				0A337BE61C41405500CEA758 /* BbsCommentRepository.swift */,
			);
			name = Repository;
			sourceTree = "<group>";
		};
		0A84901F1C36CB3400149828 /* Linked */ = {
			isa = PBXGroup;
			children = (
				0A84901D1C36CB2500149828 /* PerfectLib.framework */,
			);
			name = Linked;
			sourceTree = "<group>";
		};
		0A84902A1C370AEF00149828 /* Templates */ = {
			isa = PBXGroup;
			children = (
				0A84902B1C370AEF00149828 /* template.mustache */,
				0A84902F1C39907D00149828 /* sqlite.mustache */,
				0AE911E61C3E9DF300F6BA79 /* common_header.mustache */,
				0AE911E91C3EA59900F6BA79 /* common_footer.mustache */,
				0A8490351C3BE05000149828 /* user_register.mustache */,
				0AE911F21C40EEB700F6BA79 /* user_mypage.mustache */,
				0A8490381C3BF07100149828 /* user_login.mustache */,
				0A84903E1C3C059D00149828 /* bbs_list.mustache */,
				0A84903B1C3BFC9D00149828 /* bbs_detail.mustache */,
			);
			path = Templates;
			sourceTree = "<group>";
		};
		0A8490431C3D53A700149828 /* webroot */ = {
			isa = PBXGroup;
			children = (
				0AE911ED1C3ED29400F6BA79 /* assets */,
			);
			path = webroot;
			sourceTree = "<group>";
		};
		0A98F55E1C36A9FB00E94B9D = {
			isa = PBXGroup;
			children = (
				0A98F5881C36B4D800E94B9D /* SwiftBBS Server */,
				0A98F5941C36B4D800E94B9D /* SwiftBBS ServerTests */,
				0A84901F1C36CB3400149828 /* Linked */,
				0A98F5871C36B4D800E94B9D /* Products */,
			);
			sourceTree = "<group>";
		};
		0A98F5871C36B4D800E94B9D /* Products */ = {
			isa = PBXGroup;
			children = (
				0A98F5861C36B4D800E94B9D /* SwiftBBS Server.framework */,
				0A98F5901C36B4D800E94B9D /* SwiftBBS ServerTests.xctest */,
			);
			name = Products;
			sourceTree = "<group>";
		};
		0A98F5881C36B4D800E94B9D /* SwiftBBS Server */ = {
			isa = PBXGroup;
			children = (
				0A8490201C36FCB900149828 /* Config.swift */,
				0A98F59E1C36B52700E94B9D /* PerfectHandlers.swift */,
				0A337BE31C413EF900CEA758 /* Repository */,
				0A84902A1C370AEF00149828 /* Templates */,
				0A8490431C3D53A700149828 /* webroot */,
				0A98F5891C36B4D800E94B9D /* SwiftBBS Server.h */,
				0A98F58B1C36B4D800E94B9D /* Info.plist */,
			);
			path = "SwiftBBS Server";
			sourceTree = "<group>";
		};
		0A98F5941C36B4D800E94B9D /* SwiftBBS ServerTests */ = {
			isa = PBXGroup;
			children = (
				0A98F5951C36B4D800E94B9D /* SwiftBBS_ServerTests.swift */,
				0A98F5971C36B4D800E94B9D /* Info.plist */,
			);
			path = "SwiftBBS ServerTests";
			sourceTree = "<group>";
		};
		0AE911ED1C3ED29400F6BA79 /* assets */ = {
			isa = PBXGroup;
			children = (
				0AE911EE1C3ED29400F6BA79 /* img */,
			);
			path = assets;
			sourceTree = "<group>";
		};
		0AE911EE1C3ED29400F6BA79 /* img */ = {
			isa = PBXGroup;
			children = (
				0AE911EF1C3ED29400F6BA79 /* perfect_icon.png */,
			);
			path = img;
			sourceTree = "<group>";
		};
/* End PBXGroup section */

/* Begin PBXHeadersBuildPhase section */
		0A98F5831C36B4D800E94B9D /* Headers */ = {
			isa = PBXHeadersBuildPhase;
			buildActionMask = 2147483647;
			files = (
				0A98F58A1C36B4D800E94B9D /* SwiftBBS Server.h in Headers */,
			);
			runOnlyForDeploymentPostprocessing = 0;
		};
/* End PBXHeadersBuildPhase section */

/* Begin PBXNativeTarget section */
		0A98F5851C36B4D800E94B9D /* SwiftBBS Server */ = {
			isa = PBXNativeTarget;
			buildConfigurationList = 0A98F5981C36B4D800E94B9D /* Build configuration list for PBXNativeTarget "SwiftBBS Server" */;
			buildPhases = (
				0A98F5811C36B4D800E94B9D /* Sources */,
				0A98F5821C36B4D800E94B9D /* Frameworks */,
				0A98F5831C36B4D800E94B9D /* Headers */,
				0A98F5841C36B4D800E94B9D /* Resources */,
				0A84902D1C370B5E00149828 /* CopyFiles */,
				0A8490461C3D547D00149828 /* CopyFiles */,
			);
			buildRules = (
			);
			dependencies = (
			);
			name = "SwiftBBS Server";
			productName = "SwiftBBS Server";
			productReference = 0A98F5861C36B4D800E94B9D /* SwiftBBS Server.framework */;
			productType = "com.apple.product-type.framework";
		};
		0A98F58F1C36B4D800E94B9D /* SwiftBBS ServerTests */ = {
			isa = PBXNativeTarget;
			buildConfigurationList = 0A98F59B1C36B4D800E94B9D /* Build configuration list for PBXNativeTarget "SwiftBBS ServerTests" */;
			buildPhases = (
				0A98F58C1C36B4D800E94B9D /* Sources */,
				0A98F58D1C36B4D800E94B9D /* Frameworks */,
				0A98F58E1C36B4D800E94B9D /* Resources */,
			);
			buildRules = (
			);
			dependencies = (
				0A98F5931C36B4D800E94B9D /* PBXTargetDependency */,
			);
			name = "SwiftBBS ServerTests";
			productName = "SwiftBBS ServerTests";
			productReference = 0A98F5901C36B4D800E94B9D /* SwiftBBS ServerTests.xctest */;
			productType = "com.apple.product-type.bundle.unit-test";
		};
/* End PBXNativeTarget section */

/* Begin PBXProject section */
		0A98F55F1C36A9FB00E94B9D /* Project object */ = {
			isa = PBXProject;
			attributes = {
				LastSwiftUpdateCheck = 0720;
				LastUpgradeCheck = 0720;
				TargetAttributes = {
					0A98F5851C36B4D800E94B9D = {
						CreatedOnToolsVersion = 7.2;
					};
					0A98F58F1C36B4D800E94B9D = {
						CreatedOnToolsVersion = 7.2;
					};
				};
			};
			buildConfigurationList = 0A98F5621C36A9FB00E94B9D /* Build configuration list for PBXProject "SwiftBBS" */;
			compatibilityVersion = "Xcode 3.2";
			developmentRegion = English;
			hasScannedForEncodings = 0;
			knownRegions = (
				en,
			);
			mainGroup = 0A98F55E1C36A9FB00E94B9D;
			productRefGroup = 0A98F5871C36B4D800E94B9D /* Products */;
			projectDirPath = "";
			projectRoot = "";
			targets = (
				0A98F5851C36B4D800E94B9D /* SwiftBBS Server */,
				0A98F58F1C36B4D800E94B9D /* SwiftBBS ServerTests */,
			);
		};
/* End PBXProject section */

/* Begin PBXResourcesBuildPhase section */
		0A98F5841C36B4D800E94B9D /* Resources */ = {
			isa = PBXResourcesBuildPhase;
			buildActionMask = 2147483647;
			files = (
				0A8490361C3BE05000149828 /* user_register.mustache in Resources */,
				0A8490301C39907D00149828 /* sqlite.mustache in Resources */,
				0A8490391C3BF07100149828 /* user_login.mustache in Resources */,
				0A84903C1C3BFC9D00149828 /* bbs_detail.mustache in Resources */,
				0AE911F01C3ED29400F6BA79 /* perfect_icon.png in Resources */,
				0AE911EA1C3EA59900F6BA79 /* common_footer.mustache in Resources */,
				0A84903F1C3C059D00149828 /* bbs_list.mustache in Resources */,
				0AE911E71C3E9DF300F6BA79 /* common_header.mustache in Resources */,
				0AE911F31C40EEB700F6BA79 /* user_mypage.mustache in Resources */,
			);
			runOnlyForDeploymentPostprocessing = 0;
		};
		0A98F58E1C36B4D800E94B9D /* Resources */ = {
			isa = PBXResourcesBuildPhase;
			buildActionMask = 2147483647;
			files = (
			);
			runOnlyForDeploymentPostprocessing = 0;
		};
/* End PBXResourcesBuildPhase section */

/* Begin PBXSourcesBuildPhase section */
		0A98F5811C36B4D800E94B9D /* Sources */ = {
			isa = PBXSourcesBuildPhase;
			buildActionMask = 2147483647;
			files = (
				0A98F59F1C36B52700E94B9D /* PerfectHandlers.swift in Sources */,
				0A337BE51C413F3C00CEA758 /* BbsRepository.swift in Sources */,
				0A337BEB1C414BCA00CEA758 /* UserRepository.swift in Sources */,
				0A337BE91C414B4700CEA758 /* Repository.swift in Sources */,
				0A8490211C36FCB900149828 /* Config.swift in Sources */,
				0A337BE71C41405500CEA758 /* BbsCommentRepository.swift in Sources */,
				0A337BEF1C41C67C00CEA758 /* DatabaseManager.swift in Sources */,
			);
			runOnlyForDeploymentPostprocessing = 0;
		};
		0A98F58C1C36B4D800E94B9D /* Sources */ = {
			isa = PBXSourcesBuildPhase;
			buildActionMask = 2147483647;
			files = (
				0A98F5961C36B4D800E94B9D /* SwiftBBS_ServerTests.swift in Sources */,
			);
			runOnlyForDeploymentPostprocessing = 0;
		};
/* End PBXSourcesBuildPhase section */

/* Begin PBXTargetDependency section */
		0A98F5931C36B4D800E94B9D /* PBXTargetDependency */ = {
			isa = PBXTargetDependency;
			target = 0A98F5851C36B4D800E94B9D /* SwiftBBS Server */;
			targetProxy = 0A98F5921C36B4D800E94B9D /* PBXContainerItemProxy */;
		};
/* End PBXTargetDependency section */

/* Begin XCBuildConfiguration section */
		0A98F5631C36A9FB00E94B9D /* Debug */ = {
			isa = XCBuildConfiguration;
			buildSettings = {
				DEBUG_INFORMATION_FORMAT = dwarf;
			};
			name = Debug;
		};
		0A98F5641C36A9FB00E94B9D /* Release */ = {
			isa = XCBuildConfiguration;
			buildSettings = {
				DEBUG_INFORMATION_FORMAT = "dwarf-with-dsym";
			};
			name = Release;
		};
		0A98F5991C36B4D800E94B9D /* Debug */ = {
			isa = XCBuildConfiguration;
			buildSettings = {
				ALWAYS_SEARCH_USER_PATHS = NO;
				CLANG_CXX_LANGUAGE_STANDARD = "gnu++0x";
				CLANG_CXX_LIBRARY = "libc++";
				CLANG_ENABLE_MODULES = YES;
				CLANG_ENABLE_OBJC_ARC = YES;
				CLANG_WARN_BOOL_CONVERSION = YES;
				CLANG_WARN_CONSTANT_CONVERSION = YES;
				CLANG_WARN_DIRECT_OBJC_ISA_USAGE = YES_ERROR;
				CLANG_WARN_EMPTY_BODY = YES;
				CLANG_WARN_ENUM_CONVERSION = YES;
				CLANG_WARN_INT_CONVERSION = YES;
				CLANG_WARN_OBJC_ROOT_CLASS = YES_ERROR;
				CLANG_WARN_UNREACHABLE_CODE = YES;
				CLANG_WARN__DUPLICATE_METHOD_MATCH = YES;
				CODE_SIGN_IDENTITY = "-";
				COMBINE_HIDPI_IMAGES = YES;
				COPY_PHASE_STRIP = NO;
				CURRENT_PROJECT_VERSION = 1;
				DEBUG_INFORMATION_FORMAT = dwarf;
				DEFINES_MODULE = NO;
				DEPLOYMENT_LOCATION = YES;
				DSTROOT = "$(CONFIGURATION_BUILD_DIR)";
				DYLIB_COMPATIBILITY_VERSION = 1;
				DYLIB_CURRENT_VERSION = 1;
				DYLIB_INSTALL_NAME_BASE = "@rpath";
				ENABLE_STRICT_OBJC_MSGSEND = YES;
				ENABLE_TESTABILITY = YES;
				FRAMEWORK_VERSION = A;
				GCC_C_LANGUAGE_STANDARD = gnu99;
				GCC_DYNAMIC_NO_PIC = NO;
				GCC_NO_COMMON_BLOCKS = YES;
				GCC_OPTIMIZATION_LEVEL = 0;
				GCC_PREPROCESSOR_DEFINITIONS = (
					"DEBUG=1",
					"$(inherited)",
				);
				GCC_WARN_64_TO_32_BIT_CONVERSION = YES;
				GCC_WARN_ABOUT_RETURN_TYPE = YES_ERROR;
				GCC_WARN_UNDECLARED_SELECTOR = YES;
				GCC_WARN_UNINITIALIZED_AUTOS = YES_AGGRESSIVE;
				GCC_WARN_UNUSED_FUNCTION = YES;
				GCC_WARN_UNUSED_VARIABLE = YES;
				INFOPLIST_FILE = "SwiftBBS Server/Info.plist";
				INSTALL_PATH = /PerfectLibraries;
				LD_RUNPATH_SEARCH_PATHS = "$(inherited) @executable_path/../Frameworks @loader_path/Frameworks";
				LIBRARY_SEARCH_PATHS = (
					"$(inherited)",
					"$(SDKROOT)/usr/lib/system",
				);
				MACOSX_DEPLOYMENT_TARGET = 10.11;
				MTL_ENABLE_DEBUG_INFO = YES;
				ONLY_ACTIVE_ARCH = YES;
				PRODUCT_BUNDLE_IDENTIFIER = "asia.groovebab.SwiftBBS-Server";
				PRODUCT_NAME = "$(TARGET_NAME)";
				SDKROOT = macosx;
				SKIP_INSTALL = NO;
				SWIFT_OPTIMIZATION_LEVEL = "-Onone";
				VERSIONING_SYSTEM = "apple-generic";
				VERSION_INFO_PREFIX = "";
			};
			name = Debug;
		};
		0A98F59A1C36B4D800E94B9D /* Release */ = {
			isa = XCBuildConfiguration;
			buildSettings = {
				ALWAYS_SEARCH_USER_PATHS = NO;
				CLANG_CXX_LANGUAGE_STANDARD = "gnu++0x";
				CLANG_CXX_LIBRARY = "libc++";
				CLANG_ENABLE_MODULES = YES;
				CLANG_ENABLE_OBJC_ARC = YES;
				CLANG_WARN_BOOL_CONVERSION = YES;
				CLANG_WARN_CONSTANT_CONVERSION = YES;
				CLANG_WARN_DIRECT_OBJC_ISA_USAGE = YES_ERROR;
				CLANG_WARN_EMPTY_BODY = YES;
				CLANG_WARN_ENUM_CONVERSION = YES;
				CLANG_WARN_INT_CONVERSION = YES;
				CLANG_WARN_OBJC_ROOT_CLASS = YES_ERROR;
				CLANG_WARN_UNREACHABLE_CODE = YES;
				CLANG_WARN__DUPLICATE_METHOD_MATCH = YES;
				CODE_SIGN_IDENTITY = "-";
				COMBINE_HIDPI_IMAGES = YES;
				COPY_PHASE_STRIP = NO;
				CURRENT_PROJECT_VERSION = 1;
				DEBUG_INFORMATION_FORMAT = "dwarf-with-dsym";
				DEFINES_MODULE = NO;
				DEPLOYMENT_LOCATION = YES;
				DSTROOT = "$(CONFIGURATION_BUILD_DIR)";
				DYLIB_COMPATIBILITY_VERSION = 1;
				DYLIB_CURRENT_VERSION = 1;
				DYLIB_INSTALL_NAME_BASE = "@rpath";
				ENABLE_NS_ASSERTIONS = NO;
				ENABLE_STRICT_OBJC_MSGSEND = YES;
				FRAMEWORK_VERSION = A;
				GCC_C_LANGUAGE_STANDARD = gnu99;
				GCC_NO_COMMON_BLOCKS = YES;
				GCC_WARN_64_TO_32_BIT_CONVERSION = YES;
				GCC_WARN_ABOUT_RETURN_TYPE = YES_ERROR;
				GCC_WARN_UNDECLARED_SELECTOR = YES;
				GCC_WARN_UNINITIALIZED_AUTOS = YES_AGGRESSIVE;
				GCC_WARN_UNUSED_FUNCTION = YES;
				GCC_WARN_UNUSED_VARIABLE = YES;
				INFOPLIST_FILE = "SwiftBBS Server/Info.plist";
				INSTALL_PATH = /PerfectLibraries;
				LD_RUNPATH_SEARCH_PATHS = "$(inherited) @executable_path/../Frameworks @loader_path/Frameworks";
				LIBRARY_SEARCH_PATHS = (
					"$(inherited)",
					"$(SDKROOT)/usr/lib/system",
				);
				MACOSX_DEPLOYMENT_TARGET = 10.11;
				MTL_ENABLE_DEBUG_INFO = NO;
				PRODUCT_BUNDLE_IDENTIFIER = "asia.groovebab.SwiftBBS-Server";
				PRODUCT_NAME = "$(TARGET_NAME)";
				SDKROOT = macosx;
				SKIP_INSTALL = NO;
				VERSIONING_SYSTEM = "apple-generic";
				VERSION_INFO_PREFIX = "";
			};
			name = Release;
		};
		0A98F59C1C36B4D800E94B9D /* Debug */ = {
			isa = XCBuildConfiguration;
			buildSettings = {
				ALWAYS_SEARCH_USER_PATHS = NO;
				CLANG_CXX_LANGUAGE_STANDARD = "gnu++0x";
				CLANG_CXX_LIBRARY = "libc++";
				CLANG_ENABLE_MODULES = YES;
				CLANG_ENABLE_OBJC_ARC = YES;
				CLANG_WARN_BOOL_CONVERSION = YES;
				CLANG_WARN_CONSTANT_CONVERSION = YES;
				CLANG_WARN_DIRECT_OBJC_ISA_USAGE = YES_ERROR;
				CLANG_WARN_EMPTY_BODY = YES;
				CLANG_WARN_ENUM_CONVERSION = YES;
				CLANG_WARN_INT_CONVERSION = YES;
				CLANG_WARN_OBJC_ROOT_CLASS = YES_ERROR;
				CLANG_WARN_UNREACHABLE_CODE = YES;
				CLANG_WARN__DUPLICATE_METHOD_MATCH = YES;
				CODE_SIGN_IDENTITY = "-";
				COMBINE_HIDPI_IMAGES = YES;
				COPY_PHASE_STRIP = NO;
				DEBUG_INFORMATION_FORMAT = dwarf;
				ENABLE_STRICT_OBJC_MSGSEND = YES;
				ENABLE_TESTABILITY = YES;
				GCC_C_LANGUAGE_STANDARD = gnu99;
				GCC_DYNAMIC_NO_PIC = NO;
				GCC_NO_COMMON_BLOCKS = YES;
				GCC_OPTIMIZATION_LEVEL = 0;
				GCC_PREPROCESSOR_DEFINITIONS = (
					"DEBUG=1",
					"$(inherited)",
				);
				GCC_WARN_64_TO_32_BIT_CONVERSION = YES;
				GCC_WARN_ABOUT_RETURN_TYPE = YES_ERROR;
				GCC_WARN_UNDECLARED_SELECTOR = YES;
				GCC_WARN_UNINITIALIZED_AUTOS = YES_AGGRESSIVE;
				GCC_WARN_UNUSED_FUNCTION = YES;
				GCC_WARN_UNUSED_VARIABLE = YES;
				INFOPLIST_FILE = "SwiftBBS ServerTests/Info.plist";
				LD_RUNPATH_SEARCH_PATHS = "$(inherited) @executable_path/../Frameworks @loader_path/../Frameworks";
				MACOSX_DEPLOYMENT_TARGET = 10.11;
				MTL_ENABLE_DEBUG_INFO = YES;
				ONLY_ACTIVE_ARCH = YES;
				PRODUCT_BUNDLE_IDENTIFIER = "asia.groovebab.SwiftBBS-ServerTests";
				PRODUCT_NAME = "$(TARGET_NAME)";
				SDKROOT = macosx;
				SWIFT_OPTIMIZATION_LEVEL = "-Onone";
			};
			name = Debug;
		};
		0A98F59D1C36B4D800E94B9D /* Release */ = {
			isa = XCBuildConfiguration;
			buildSettings = {
				ALWAYS_SEARCH_USER_PATHS = NO;
				CLANG_CXX_LANGUAGE_STANDARD = "gnu++0x";
				CLANG_CXX_LIBRARY = "libc++";
				CLANG_ENABLE_MODULES = YES;
				CLANG_ENABLE_OBJC_ARC = YES;
				CLANG_WARN_BOOL_CONVERSION = YES;
				CLANG_WARN_CONSTANT_CONVERSION = YES;
				CLANG_WARN_DIRECT_OBJC_ISA_USAGE = YES_ERROR;
				CLANG_WARN_EMPTY_BODY = YES;
				CLANG_WARN_ENUM_CONVERSION = YES;
				CLANG_WARN_INT_CONVERSION = YES;
				CLANG_WARN_OBJC_ROOT_CLASS = YES_ERROR;
				CLANG_WARN_UNREACHABLE_CODE = YES;
				CLANG_WARN__DUPLICATE_METHOD_MATCH = YES;
				CODE_SIGN_IDENTITY = "-";
				COMBINE_HIDPI_IMAGES = YES;
				COPY_PHASE_STRIP = NO;
				DEBUG_INFORMATION_FORMAT = "dwarf-with-dsym";
				ENABLE_NS_ASSERTIONS = NO;
				ENABLE_STRICT_OBJC_MSGSEND = YES;
				GCC_C_LANGUAGE_STANDARD = gnu99;
				GCC_NO_COMMON_BLOCKS = YES;
				GCC_WARN_64_TO_32_BIT_CONVERSION = YES;
				GCC_WARN_ABOUT_RETURN_TYPE = YES_ERROR;
				GCC_WARN_UNDECLARED_SELECTOR = YES;
				GCC_WARN_UNINITIALIZED_AUTOS = YES_AGGRESSIVE;
				GCC_WARN_UNUSED_FUNCTION = YES;
				GCC_WARN_UNUSED_VARIABLE = YES;
				INFOPLIST_FILE = "SwiftBBS ServerTests/Info.plist";
				LD_RUNPATH_SEARCH_PATHS = "$(inherited) @executable_path/../Frameworks @loader_path/../Frameworks";
				MACOSX_DEPLOYMENT_TARGET = 10.11;
				MTL_ENABLE_DEBUG_INFO = NO;
				PRODUCT_BUNDLE_IDENTIFIER = "asia.groovebab.SwiftBBS-ServerTests";
				PRODUCT_NAME = "$(TARGET_NAME)";
				SDKROOT = macosx;
			};
			name = Release;
		};
/* End XCBuildConfiguration section */

/* Begin XCConfigurationList section */
		0A98F5621C36A9FB00E94B9D /* Build configuration list for PBXProject "SwiftBBS" */ = {
			isa = XCConfigurationList;
			buildConfigurations = (
				0A98F5631C36A9FB00E94B9D /* Debug */,
				0A98F5641C36A9FB00E94B9D /* Release */,
			);
			defaultConfigurationIsVisible = 0;
			defaultConfigurationName = Release;
		};
		0A98F5981C36B4D800E94B9D /* Build configuration list for PBXNativeTarget "SwiftBBS Server" */ = {
			isa = XCConfigurationList;
			buildConfigurations = (
				0A98F5991C36B4D800E94B9D /* Debug */,
				0A98F59A1C36B4D800E94B9D /* Release */,
			);
			defaultConfigurationIsVisible = 0;
			defaultConfigurationName = Release;
		};
		0A98F59B1C36B4D800E94B9D /* Build configuration list for PBXNativeTarget "SwiftBBS ServerTests" */ = {
			isa = XCConfigurationList;
			buildConfigurations = (
				0A98F59C1C36B4D800E94B9D /* Debug */,
				0A98F59D1C36B4D800E94B9D /* Release */,
			);
			defaultConfigurationIsVisible = 0;
			defaultConfigurationName = Release;
		};
/* End XCConfigurationList section */
	};
	rootObject = 0A98F55F1C36A9FB00E94B9D /* Project object */;
}
