// !$*UTF8*$!
{
	archiveVersion = 1;
	classes = {
	};
	objectVersion = 46;
	objects = {

/* Begin PBXBuildFile section */
		0A0141911C5C9F43003783C3 /* bbs_pager.mustache in Resources */ = {isa = PBXBuildFile; fileRef = 0A0141901C5C9F43003783C3 /* bbs_pager.mustache */; };
		0A0141921C5C9F93003783C3 /* bbs_pager.mustache in CopyFiles */ = {isa = PBXBuildFile; fileRef = 0A0141901C5C9F43003783C3 /* bbs_pager.mustache */; };
		0A0141951C5CA1AF003783C3 /* Pager.swift in Sources */ = {isa = PBXBuildFile; fileRef = 0A0141941C5CA1AF003783C3 /* Pager.swift */; };
		0A0141971C5CA5D6003783C3 /* SelectOption.swift in Sources */ = {isa = PBXBuildFile; fileRef = 0A0141961C5CA5D6003783C3 /* SelectOption.swift */; };
		0A01419A1C5FAAAB003783C3 /* Validator.swift in Sources */ = {isa = PBXBuildFile; fileRef = 0A0141991C5FAAAB003783C3 /* Validator.swift */; };
		0A337BE51C413F3C00CEA758 /* BbsRepository.swift in Sources */ = {isa = PBXBuildFile; fileRef = 0A337BE41C413F3C00CEA758 /* BbsRepository.swift */; };
		0A337BE71C41405500CEA758 /* BbsCommentRepository.swift in Sources */ = {isa = PBXBuildFile; fileRef = 0A337BE61C41405500CEA758 /* BbsCommentRepository.swift */; };
		0A337BE91C414B4700CEA758 /* Repository.swift in Sources */ = {isa = PBXBuildFile; fileRef = 0A337BE81C414B4700CEA758 /* Repository.swift */; };
		0A337BEB1C414BCA00CEA758 /* UserRepository.swift in Sources */ = {isa = PBXBuildFile; fileRef = 0A337BEA1C414BCA00CEA758 /* UserRepository.swift */; };
		0A337BF21C425A4D00CEA758 /* user_edit.mustache in Resources */ = {isa = PBXBuildFile; fileRef = 0A337BF11C425A4D00CEA758 /* user_edit.mustache */; };
		0A337BF31C425AAB00CEA758 /* user_edit.mustache in CopyFiles */ = {isa = PBXBuildFile; fileRef = 0A337BF11C425A4D00CEA758 /* user_edit.mustache */; };
		0A8490211C36FCB900149828 /* Config.swift in Sources */ = {isa = PBXBuildFile; fileRef = 0A8490201C36FCB900149828 /* Config.swift */; };
		0A8490361C3BE05000149828 /* user_register.mustache in Resources */ = {isa = PBXBuildFile; fileRef = 0A8490351C3BE05000149828 /* user_register.mustache */; };
		0A8490371C3BE14A00149828 /* user_register.mustache in CopyFiles */ = {isa = PBXBuildFile; fileRef = 0A8490351C3BE05000149828 /* user_register.mustache */; };
		0A8490391C3BF07100149828 /* user_login.mustache in Resources */ = {isa = PBXBuildFile; fileRef = 0A8490381C3BF07100149828 /* user_login.mustache */; };
		0A84903A1C3BF12500149828 /* user_login.mustache in CopyFiles */ = {isa = PBXBuildFile; fileRef = 0A8490381C3BF07100149828 /* user_login.mustache */; };
		0A84903C1C3BFC9D00149828 /* bbs_detail.mustache in Resources */ = {isa = PBXBuildFile; fileRef = 0A84903B1C3BFC9D00149828 /* bbs_detail.mustache */; };
		0A84903D1C3BFD7400149828 /* bbs_detail.mustache in CopyFiles */ = {isa = PBXBuildFile; fileRef = 0A84903B1C3BFC9D00149828 /* bbs_detail.mustache */; };
		0A84903F1C3C059D00149828 /* bbs_list.mustache in Resources */ = {isa = PBXBuildFile; fileRef = 0A84903E1C3C059D00149828 /* bbs_list.mustache */; };
		0A8490401C3C069500149828 /* bbs_list.mustache in CopyFiles */ = {isa = PBXBuildFile; fileRef = 0A84903E1C3C059D00149828 /* bbs_list.mustache */; };
		0A98F58A1C36B4D800E94B9D /* SwiftBBS Server.h in Headers */ = {isa = PBXBuildFile; fileRef = 0A98F5891C36B4D800E94B9D /* SwiftBBS Server.h */; settings = {ATTRIBUTES = (Public, ); }; };
		0A98F5911C36B4D800E94B9D /* SwiftBBS Server.framework in Frameworks */ = {isa = PBXBuildFile; fileRef = 0A98F5861C36B4D800E94B9D /* SwiftBBS Server.framework */; };
		0A98F5961C36B4D800E94B9D /* SwiftBBS_ServerTests.swift in Sources */ = {isa = PBXBuildFile; fileRef = 0A98F5951C36B4D800E94B9D /* SwiftBBS_ServerTests.swift */; };
		0A98F59F1C36B52700E94B9D /* PerfectServerModuleInit.swift in Sources */ = {isa = PBXBuildFile; fileRef = 0A98F59E1C36B52700E94B9D /* PerfectServerModuleInit.swift */; };
		0AA9B7881C49510C004D3DE1 /* extension.swift in Sources */ = {isa = PBXBuildFile; fileRef = 0AA9B7871C49510C004D3DE1 /* extension.swift */; };
		0AA9B78A1C49511F004D3DE1 /* BbsHandler.swift in Sources */ = {isa = PBXBuildFile; fileRef = 0AA9B7891C49511F004D3DE1 /* BbsHandler.swift */; };
		0AA9B78D1C495145004D3DE1 /* UserHandler.swift in Sources */ = {isa = PBXBuildFile; fileRef = 0AA9B78C1C495145004D3DE1 /* UserHandler.swift */; };
		0AA9B78F1C495189004D3DE1 /* BaseRequestHandler.swift in Sources */ = {isa = PBXBuildFile; fileRef = 0AA9B78E1C495189004D3DE1 /* BaseRequestHandler.swift */; };
		0AA9B7971C49818F004D3DE1 /* AppDelegate.swift in Sources */ = {isa = PBXBuildFile; fileRef = 0AA9B7961C49818F004D3DE1 /* AppDelegate.swift */; };
		0AA9B7991C49818F004D3DE1 /* BbsViewController.swift in Sources */ = {isa = PBXBuildFile; fileRef = 0AA9B7981C49818F004D3DE1 /* BbsViewController.swift */; };
		0AA9B79B1C49818F004D3DE1 /* MypageViewController.swift in Sources */ = {isa = PBXBuildFile; fileRef = 0AA9B79A1C49818F004D3DE1 /* MypageViewController.swift */; };
		0AA9B79E1C49818F004D3DE1 /* Main.storyboard in Resources */ = {isa = PBXBuildFile; fileRef = 0AA9B79C1C49818F004D3DE1 /* Main.storyboard */; };
		0AA9B7A01C49818F004D3DE1 /* Assets.xcassets in Resources */ = {isa = PBXBuildFile; fileRef = 0AA9B79F1C49818F004D3DE1 /* Assets.xcassets */; };
		0AA9B7A31C49818F004D3DE1 /* LaunchScreen.storyboard in Resources */ = {isa = PBXBuildFile; fileRef = 0AA9B7A11C49818F004D3DE1 /* LaunchScreen.storyboard */; };
		0AA9B7AE1C498190004D3DE1 /* SwiftBBSTests.swift in Sources */ = {isa = PBXBuildFile; fileRef = 0AA9B7AD1C498190004D3DE1 /* SwiftBBSTests.swift */; };
		0AA9B7B91C498190004D3DE1 /* SwiftBBSUITests.swift in Sources */ = {isa = PBXBuildFile; fileRef = 0AA9B7B81C498190004D3DE1 /* SwiftBBSUITests.swift */; };
		0AA9B7C91C49896D004D3DE1 /* PerfectLib.framework in Frameworks */ = {isa = PBXBuildFile; fileRef = 0AA9B7C81C49896D004D3DE1 /* PerfectLib.framework */; };
		0AA9B7CB1C4A40B8004D3DE1 /* BbsDetailViewController.swift in Sources */ = {isa = PBXBuildFile; fileRef = 0AA9B7CA1C4A40B8004D3DE1 /* BbsDetailViewController.swift */; };
		0AA9B7CE1C4A4335004D3DE1 /* Config.swift in Sources */ = {isa = PBXBuildFile; fileRef = 0AA9B7CD1C4A4335004D3DE1 /* Config.swift */; };
		0AA9B7D21C4B6BAC004D3DE1 /* BbsDetailTableViewCell.swift in Sources */ = {isa = PBXBuildFile; fileRef = 0AA9B7D11C4B6BAC004D3DE1 /* BbsDetailTableViewCell.swift */; };
		0AA9B7D51C4B7568004D3DE1 /* Extension.swift in Sources */ = {isa = PBXBuildFile; fileRef = 0AA9B7D41C4B7568004D3DE1 /* Extension.swift */; };
		0AA9B7D81C4B8AAC004D3DE1 /* BbsTableViewCell.swift in Sources */ = {isa = PBXBuildFile; fileRef = 0AA9B7D71C4B8AAC004D3DE1 /* BbsTableViewCell.swift */; };
		0AA9B7DA1C4B9571004D3DE1 /* LoginViewController.swift in Sources */ = {isa = PBXBuildFile; fileRef = 0AA9B7D91C4B9571004D3DE1 /* LoginViewController.swift */; };
		0AA9B7DC1C4BAD10004D3DE1 /* User.swift in Sources */ = {isa = PBXBuildFile; fileRef = 0AA9B7DB1C4BAD10004D3DE1 /* User.swift */; };
		0AA9B7DF1C4BEE6F004D3DE1 /* UserEditViewController.swift in Sources */ = {isa = PBXBuildFile; fileRef = 0AA9B7DE1C4BEE6F004D3DE1 /* UserEditViewController.swift */; };
		0AA9B7E11C4BF93E004D3DE1 /* UserRegisterViewController.swift in Sources */ = {isa = PBXBuildFile; fileRef = 0AA9B7E01C4BF93E004D3DE1 /* UserRegisterViewController.swift */; };
		0AA9B7E31C4BFFA2004D3DE1 /* BbsAddViewController.swift in Sources */ = {isa = PBXBuildFile; fileRef = 0AA9B7E21C4BFFA2004D3DE1 /* BbsAddViewController.swift */; };
		0AA9B7E51C4C0A39004D3DE1 /* RoundedCornerView.swift in Sources */ = {isa = PBXBuildFile; fileRef = 0AA9B7E41C4C0A39004D3DE1 /* RoundedCornerView.swift */; };
		0AA9B8401C4FE67B004D3DE1 /* ImageRepository.swift in Sources */ = {isa = PBXBuildFile; fileRef = 0AA9B83F1C4FE67B004D3DE1 /* ImageRepository.swift */; };
		0AA9B8451C4FFAF5004D3DE1 /* dummy.txt in Resources */ = {isa = PBXBuildFile; fileRef = 0AA9B8441C4FFAF5004D3DE1 /* dummy.txt */; };
		0AA9B8461C4FFB11004D3DE1 /* dummy.txt in CopyFiles */ = {isa = PBXBuildFile; fileRef = 0AA9B8441C4FFAF5004D3DE1 /* dummy.txt */; };
		0AA9B8471C500187004D3DE1 /* PerfectLib.framework in Frameworks */ = {isa = PBXBuildFile; fileRef = 0AA9B7C81C49896D004D3DE1 /* PerfectLib.framework */; };
		0AA9B84A1C5A65B6004D3DE1 /* ImageService.swift in Sources */ = {isa = PBXBuildFile; fileRef = 0AA9B8491C5A65B5004D3DE1 /* ImageService.swift */; };
		0AE911E71C3E9DF300F6BA79 /* common_header.mustache in Resources */ = {isa = PBXBuildFile; fileRef = 0AE911E61C3E9DF300F6BA79 /* common_header.mustache */; };
		0AE911E81C3EA4D200F6BA79 /* common_header.mustache in CopyFiles */ = {isa = PBXBuildFile; fileRef = 0AE911E61C3E9DF300F6BA79 /* common_header.mustache */; };
		0AE911EA1C3EA59900F6BA79 /* common_footer.mustache in Resources */ = {isa = PBXBuildFile; fileRef = 0AE911E91C3EA59900F6BA79 /* common_footer.mustache */; };
		0AE911EB1C3EA5C200F6BA79 /* common_footer.mustache in CopyFiles */ = {isa = PBXBuildFile; fileRef = 0AE911E91C3EA59900F6BA79 /* common_footer.mustache */; };
		0AE911F01C3ED29400F6BA79 /* perfect_icon.png in Resources */ = {isa = PBXBuildFile; fileRef = 0AE911EF1C3ED29400F6BA79 /* perfect_icon.png */; };
		0AE911F11C3ED2AF00F6BA79 /* perfect_icon.png in CopyFiles */ = {isa = PBXBuildFile; fileRef = 0AE911EF1C3ED29400F6BA79 /* perfect_icon.png */; };
		0AE911F31C40EEB700F6BA79 /* user_mypage.mustache in Resources */ = {isa = PBXBuildFile; fileRef = 0AE911F21C40EEB700F6BA79 /* user_mypage.mustache */; };
		0AE911F41C40F04D00F6BA79 /* user_mypage.mustache in CopyFiles */ = {isa = PBXBuildFile; fileRef = 0AE911F21C40EEB700F6BA79 /* user_mypage.mustache */; };
/* End PBXBuildFile section */

/* Begin PBXContainerItemProxy section */
		0A98F5921C36B4D800E94B9D /* PBXContainerItemProxy */ = {
			isa = PBXContainerItemProxy;
			containerPortal = 0A98F55F1C36A9FB00E94B9D /* Project object */;
			proxyType = 1;
			remoteGlobalIDString = 0A98F5851C36B4D800E94B9D;
			remoteInfo = "SwiftBBS Server";
		};
		0AA9B7AA1C498190004D3DE1 /* PBXContainerItemProxy */ = {
			isa = PBXContainerItemProxy;
			containerPortal = 0A98F55F1C36A9FB00E94B9D /* Project object */;
			proxyType = 1;
			remoteGlobalIDString = 0AA9B7931C49818F004D3DE1;
			remoteInfo = SwiftBBS;
		};
		0AA9B7B51C498190004D3DE1 /* PBXContainerItemProxy */ = {
			isa = PBXContainerItemProxy;
			containerPortal = 0A98F55F1C36A9FB00E94B9D /* Project object */;
			proxyType = 1;
			remoteGlobalIDString = 0AA9B7931C49818F004D3DE1;
			remoteInfo = SwiftBBS;
		};
/* End PBXContainerItemProxy section */

/* Begin PBXCopyFilesBuildPhase section */
		0A84902D1C370B5E00149828 /* CopyFiles */ = {
			isa = PBXCopyFilesBuildPhase;
			buildActionMask = 2147483647;
			dstPath = Templates;
			dstSubfolderSpec = 16;
			files = (
				0A0141921C5C9F93003783C3 /* bbs_pager.mustache in CopyFiles */,
				0A337BF31C425AAB00CEA758 /* user_edit.mustache in CopyFiles */,
				0AE911F41C40F04D00F6BA79 /* user_mypage.mustache in CopyFiles */,
				0AE911EB1C3EA5C200F6BA79 /* common_footer.mustache in CopyFiles */,
				0AE911E81C3EA4D200F6BA79 /* common_header.mustache in CopyFiles */,
				0A8490401C3C069500149828 /* bbs_list.mustache in CopyFiles */,
				0A84903D1C3BFD7400149828 /* bbs_detail.mustache in CopyFiles */,
				0A84903A1C3BF12500149828 /* user_login.mustache in CopyFiles */,
				0A8490371C3BE14A00149828 /* user_register.mustache in CopyFiles */,
			);
			runOnlyForDeploymentPostprocessing = 0;
		};
		0A8490461C3D547D00149828 /* CopyFiles */ = {
			isa = PBXCopyFilesBuildPhase;
			buildActionMask = 2147483647;
			dstPath = webroot/assets/img;
			dstSubfolderSpec = 16;
			files = (
				0AE911F11C3ED2AF00F6BA79 /* perfect_icon.png in CopyFiles */,
			);
			runOnlyForDeploymentPostprocessing = 0;
		};
		0AA9B8431C4FFA53004D3DE1 /* CopyFiles */ = {
			isa = PBXCopyFilesBuildPhase;
			buildActionMask = 2147483647;
			dstPath = webroot/uploads;
			dstSubfolderSpec = 16;
			files = (
				0AA9B8461C4FFB11004D3DE1 /* dummy.txt in CopyFiles */,
			);
			runOnlyForDeploymentPostprocessing = 0;
		};
/* End PBXCopyFilesBuildPhase section */

/* Begin PBXFileReference section */
		0A0141901C5C9F43003783C3 /* bbs_pager.mustache */ = {isa = PBXFileReference; fileEncoding = 4; lastKnownFileType = text; path = bbs_pager.mustache; sourceTree = "<group>"; };
		0A0141941C5CA1AF003783C3 /* Pager.swift */ = {isa = PBXFileReference; fileEncoding = 4; lastKnownFileType = sourcecode.swift; path = Pager.swift; sourceTree = "<group>"; };
		0A0141961C5CA5D6003783C3 /* SelectOption.swift */ = {isa = PBXFileReference; fileEncoding = 4; lastKnownFileType = sourcecode.swift; path = SelectOption.swift; sourceTree = "<group>"; };
		0A0141991C5FAAAB003783C3 /* Validator.swift */ = {isa = PBXFileReference; fileEncoding = 4; lastKnownFileType = sourcecode.swift; path = Validator.swift; sourceTree = "<group>"; };
		0A337BE41C413F3C00CEA758 /* BbsRepository.swift */ = {isa = PBXFileReference; fileEncoding = 4; lastKnownFileType = sourcecode.swift; path = BbsRepository.swift; sourceTree = "<group>"; };
		0A337BE61C41405500CEA758 /* BbsCommentRepository.swift */ = {isa = PBXFileReference; fileEncoding = 4; lastKnownFileType = sourcecode.swift; path = BbsCommentRepository.swift; sourceTree = "<group>"; };
		0A337BE81C414B4700CEA758 /* Repository.swift */ = {isa = PBXFileReference; fileEncoding = 4; lastKnownFileType = sourcecode.swift; path = Repository.swift; sourceTree = "<group>"; };
		0A337BEA1C414BCA00CEA758 /* UserRepository.swift */ = {isa = PBXFileReference; fileEncoding = 4; lastKnownFileType = sourcecode.swift; path = UserRepository.swift; sourceTree = "<group>"; };
		0A337BF11C425A4D00CEA758 /* user_edit.mustache */ = {isa = PBXFileReference; fileEncoding = 4; lastKnownFileType = text; path = user_edit.mustache; sourceTree = "<group>"; };
		0A8490201C36FCB900149828 /* Config.swift */ = {isa = PBXFileReference; fileEncoding = 4; lastKnownFileType = sourcecode.swift; path = Config.swift; sourceTree = "<group>"; };
		0A8490351C3BE05000149828 /* user_register.mustache */ = {isa = PBXFileReference; fileEncoding = 4; lastKnownFileType = text; path = user_register.mustache; sourceTree = "<group>"; };
		0A8490381C3BF07100149828 /* user_login.mustache */ = {isa = PBXFileReference; fileEncoding = 4; lastKnownFileType = text; path = user_login.mustache; sourceTree = "<group>"; };
		0A84903B1C3BFC9D00149828 /* bbs_detail.mustache */ = {isa = PBXFileReference; fileEncoding = 4; lastKnownFileType = text; path = bbs_detail.mustache; sourceTree = "<group>"; };
		0A84903E1C3C059D00149828 /* bbs_list.mustache */ = {isa = PBXFileReference; fileEncoding = 4; lastKnownFileType = text; path = bbs_list.mustache; sourceTree = "<group>"; };
		0A98F5861C36B4D800E94B9D /* SwiftBBS Server.framework */ = {isa = PBXFileReference; explicitFileType = wrapper.framework; includeInIndex = 0; path = "SwiftBBS Server.framework"; sourceTree = BUILT_PRODUCTS_DIR; };
		0A98F5891C36B4D800E94B9D /* SwiftBBS Server.h */ = {isa = PBXFileReference; lastKnownFileType = sourcecode.c.h; path = "SwiftBBS Server.h"; sourceTree = "<group>"; };
		0A98F58B1C36B4D800E94B9D /* Info.plist */ = {isa = PBXFileReference; lastKnownFileType = text.plist.xml; path = Info.plist; sourceTree = "<group>"; };
		0A98F5901C36B4D800E94B9D /* SwiftBBS ServerTests.xctest */ = {isa = PBXFileReference; explicitFileType = wrapper.cfbundle; includeInIndex = 0; path = "SwiftBBS ServerTests.xctest"; sourceTree = BUILT_PRODUCTS_DIR; };
		0A98F5951C36B4D800E94B9D /* SwiftBBS_ServerTests.swift */ = {isa = PBXFileReference; lastKnownFileType = sourcecode.swift; path = SwiftBBS_ServerTests.swift; sourceTree = "<group>"; };
		0A98F5971C36B4D800E94B9D /* Info.plist */ = {isa = PBXFileReference; lastKnownFileType = text.plist.xml; path = Info.plist; sourceTree = "<group>"; };
		0A98F59E1C36B52700E94B9D /* PerfectServerModuleInit.swift */ = {isa = PBXFileReference; fileEncoding = 4; lastKnownFileType = sourcecode.swift; path = PerfectServerModuleInit.swift; sourceTree = "<group>"; };
		0AA9B7871C49510C004D3DE1 /* extension.swift */ = {isa = PBXFileReference; fileEncoding = 4; lastKnownFileType = sourcecode.swift; path = extension.swift; sourceTree = "<group>"; };
		0AA9B7891C49511F004D3DE1 /* BbsHandler.swift */ = {isa = PBXFileReference; fileEncoding = 4; lastKnownFileType = sourcecode.swift; path = BbsHandler.swift; sourceTree = "<group>"; };
		0AA9B78C1C495145004D3DE1 /* UserHandler.swift */ = {isa = PBXFileReference; fileEncoding = 4; lastKnownFileType = sourcecode.swift; path = UserHandler.swift; sourceTree = "<group>"; };
		0AA9B78E1C495189004D3DE1 /* BaseRequestHandler.swift */ = {isa = PBXFileReference; fileEncoding = 4; lastKnownFileType = sourcecode.swift; path = BaseRequestHandler.swift; sourceTree = "<group>"; };
		0AA9B7941C49818F004D3DE1 /* SwiftBBS.app */ = {isa = PBXFileReference; explicitFileType = wrapper.application; includeInIndex = 0; path = SwiftBBS.app; sourceTree = BUILT_PRODUCTS_DIR; };
		0AA9B7961C49818F004D3DE1 /* AppDelegate.swift */ = {isa = PBXFileReference; lastKnownFileType = sourcecode.swift; path = AppDelegate.swift; sourceTree = "<group>"; };
		0AA9B7981C49818F004D3DE1 /* BbsViewController.swift */ = {isa = PBXFileReference; lastKnownFileType = sourcecode.swift; path = BbsViewController.swift; sourceTree = "<group>"; };
		0AA9B79A1C49818F004D3DE1 /* MypageViewController.swift */ = {isa = PBXFileReference; lastKnownFileType = sourcecode.swift; path = MypageViewController.swift; sourceTree = "<group>"; };
		0AA9B79D1C49818F004D3DE1 /* Base */ = {isa = PBXFileReference; lastKnownFileType = file.storyboard; name = Base; path = Base.lproj/Main.storyboard; sourceTree = "<group>"; };
		0AA9B79F1C49818F004D3DE1 /* Assets.xcassets */ = {isa = PBXFileReference; lastKnownFileType = folder.assetcatalog; path = Assets.xcassets; sourceTree = "<group>"; };
		0AA9B7A21C49818F004D3DE1 /* Base */ = {isa = PBXFileReference; lastKnownFileType = file.storyboard; name = Base; path = Base.lproj/LaunchScreen.storyboard; sourceTree = "<group>"; };
		0AA9B7A41C49818F004D3DE1 /* Info.plist */ = {isa = PBXFileReference; lastKnownFileType = text.plist.xml; path = Info.plist; sourceTree = "<group>"; };
		0AA9B7A91C498190004D3DE1 /* SwiftBBSTests.xctest */ = {isa = PBXFileReference; explicitFileType = wrapper.cfbundle; includeInIndex = 0; path = SwiftBBSTests.xctest; sourceTree = BUILT_PRODUCTS_DIR; };
		0AA9B7AD1C498190004D3DE1 /* SwiftBBSTests.swift */ = {isa = PBXFileReference; lastKnownFileType = sourcecode.swift; path = SwiftBBSTests.swift; sourceTree = "<group>"; };
		0AA9B7AF1C498190004D3DE1 /* Info.plist */ = {isa = PBXFileReference; lastKnownFileType = text.plist.xml; path = Info.plist; sourceTree = "<group>"; };
		0AA9B7B41C498190004D3DE1 /* SwiftBBSUITests.xctest */ = {isa = PBXFileReference; explicitFileType = wrapper.cfbundle; includeInIndex = 0; path = SwiftBBSUITests.xctest; sourceTree = BUILT_PRODUCTS_DIR; };
		0AA9B7B81C498190004D3DE1 /* SwiftBBSUITests.swift */ = {isa = PBXFileReference; lastKnownFileType = sourcecode.swift; path = SwiftBBSUITests.swift; sourceTree = "<group>"; };
		0AA9B7BA1C498190004D3DE1 /* Info.plist */ = {isa = PBXFileReference; lastKnownFileType = text.plist.xml; path = Info.plist; sourceTree = "<group>"; };
		0AA9B7C81C49896D004D3DE1 /* PerfectLib.framework */ = {isa = PBXFileReference; lastKnownFileType = wrapper.framework; name = PerfectLib.framework; path = "../../../../Library/Developer/Xcode/DerivedData/SwiftBBS-axldwxsbjpcmdycjmqvmmejqhneg/Build/Products/Debug/PerfectLib.framework"; sourceTree = "<group>"; };
		0AA9B7CA1C4A40B8004D3DE1 /* BbsDetailViewController.swift */ = {isa = PBXFileReference; fileEncoding = 4; lastKnownFileType = sourcecode.swift; path = BbsDetailViewController.swift; sourceTree = "<group>"; };
		0AA9B7CD1C4A4335004D3DE1 /* Config.swift */ = {isa = PBXFileReference; fileEncoding = 4; lastKnownFileType = sourcecode.swift; path = Config.swift; sourceTree = "<group>"; };
		0AA9B7D11C4B6BAC004D3DE1 /* BbsDetailTableViewCell.swift */ = {isa = PBXFileReference; fileEncoding = 4; lastKnownFileType = sourcecode.swift; path = BbsDetailTableViewCell.swift; sourceTree = "<group>"; };
		0AA9B7D41C4B7568004D3DE1 /* Extension.swift */ = {isa = PBXFileReference; fileEncoding = 4; lastKnownFileType = sourcecode.swift; path = Extension.swift; sourceTree = "<group>"; };
		0AA9B7D71C4B8AAC004D3DE1 /* BbsTableViewCell.swift */ = {isa = PBXFileReference; fileEncoding = 4; lastKnownFileType = sourcecode.swift; path = BbsTableViewCell.swift; sourceTree = "<group>"; };
		0AA9B7D91C4B9571004D3DE1 /* LoginViewController.swift */ = {isa = PBXFileReference; fileEncoding = 4; lastKnownFileType = sourcecode.swift; path = LoginViewController.swift; sourceTree = "<group>"; };
		0AA9B7DB1C4BAD10004D3DE1 /* User.swift */ = {isa = PBXFileReference; fileEncoding = 4; lastKnownFileType = sourcecode.swift; path = User.swift; sourceTree = "<group>"; };
		0AA9B7DE1C4BEE6F004D3DE1 /* UserEditViewController.swift */ = {isa = PBXFileReference; fileEncoding = 4; lastKnownFileType = sourcecode.swift; path = UserEditViewController.swift; sourceTree = "<group>"; };
		0AA9B7E01C4BF93E004D3DE1 /* UserRegisterViewController.swift */ = {isa = PBXFileReference; fileEncoding = 4; lastKnownFileType = sourcecode.swift; path = UserRegisterViewController.swift; sourceTree = "<group>"; };
		0AA9B7E21C4BFFA2004D3DE1 /* BbsAddViewController.swift */ = {isa = PBXFileReference; fileEncoding = 4; lastKnownFileType = sourcecode.swift; path = BbsAddViewController.swift; sourceTree = "<group>"; };
		0AA9B7E41C4C0A39004D3DE1 /* RoundedCornerView.swift */ = {isa = PBXFileReference; fileEncoding = 4; lastKnownFileType = sourcecode.swift; path = RoundedCornerView.swift; sourceTree = "<group>"; };
		0AA9B83F1C4FE67B004D3DE1 /* ImageRepository.swift */ = {isa = PBXFileReference; fileEncoding = 4; lastKnownFileType = sourcecode.swift; path = ImageRepository.swift; sourceTree = "<group>"; };
		0AA9B8441C4FFAF5004D3DE1 /* dummy.txt */ = {isa = PBXFileReference; fileEncoding = 4; lastKnownFileType = text; path = dummy.txt; sourceTree = "<group>"; };
		0AA9B8491C5A65B5004D3DE1 /* ImageService.swift */ = {isa = PBXFileReference; fileEncoding = 4; lastKnownFileType = sourcecode.swift; path = ImageService.swift; sourceTree = "<group>"; };
		0AE911E61C3E9DF300F6BA79 /* common_header.mustache */ = {isa = PBXFileReference; fileEncoding = 4; lastKnownFileType = text; path = common_header.mustache; sourceTree = "<group>"; };
		0AE911E91C3EA59900F6BA79 /* common_footer.mustache */ = {isa = PBXFileReference; fileEncoding = 4; lastKnownFileType = text; path = common_footer.mustache; sourceTree = "<group>"; };
		0AE911EF1C3ED29400F6BA79 /* perfect_icon.png */ = {isa = PBXFileReference; lastKnownFileType = image.png; path = perfect_icon.png; sourceTree = "<group>"; };
		0AE911F21C40EEB700F6BA79 /* user_mypage.mustache */ = {isa = PBXFileReference; fileEncoding = 4; lastKnownFileType = text; path = user_mypage.mustache; sourceTree = "<group>"; };
/* End PBXFileReference section */

/* Begin PBXFrameworksBuildPhase section */
		0A98F5821C36B4D800E94B9D /* Frameworks */ = {
			isa = PBXFrameworksBuildPhase;
			buildActionMask = 2147483647;
			files = (
				0AA9B8471C500187004D3DE1 /* PerfectLib.framework in Frameworks */,
			);
			runOnlyForDeploymentPostprocessing = 0;
		};
		0A98F58D1C36B4D800E94B9D /* Frameworks */ = {
			isa = PBXFrameworksBuildPhase;
			buildActionMask = 2147483647;
			files = (
				0A98F5911C36B4D800E94B9D /* SwiftBBS Server.framework in Frameworks */,
			);
			runOnlyForDeploymentPostprocessing = 0;
		};
		0AA9B7911C49818F004D3DE1 /* Frameworks */ = {
			isa = PBXFrameworksBuildPhase;
			buildActionMask = 2147483647;
			files = (
				0AA9B7C91C49896D004D3DE1 /* PerfectLib.framework in Frameworks */,
			);
			runOnlyForDeploymentPostprocessing = 0;
		};
		0AA9B7A61C498190004D3DE1 /* Frameworks */ = {
			isa = PBXFrameworksBuildPhase;
			buildActionMask = 2147483647;
			files = (
			);
			runOnlyForDeploymentPostprocessing = 0;
		};
		0AA9B7B11C498190004D3DE1 /* Frameworks */ = {
			isa = PBXFrameworksBuildPhase;
			buildActionMask = 2147483647;
			files = (
			);
			runOnlyForDeploymentPostprocessing = 0;
		};
/* End PBXFrameworksBuildPhase section */

/* Begin PBXGroup section */
		0A0141931C5CA199003783C3 /* View */ = {
			isa = PBXGroup;
			children = (
				0A0141941C5CA1AF003783C3 /* Pager.swift */,
			);
			name = View;
			sourceTree = "<group>";
		};
		0A0141981C5FAA77003783C3 /* Validator */ = {
			isa = PBXGroup;
			children = (
				0A0141991C5FAAAB003783C3 /* Validator.swift */,
			);
			name = Validator;
			sourceTree = "<group>";
		};
		0A337BE31C413EF900CEA758 /* Models */ = {
			isa = PBXGroup;
			children = (
				0A0141981C5FAA77003783C3 /* Validator */,
				0AA9B8481C5A65A2004D3DE1 /* Service */,
				0A337BF01C41CE0F00CEA758 /* Repository */,
				0A0141931C5CA199003783C3 /* View */,
			);
			name = Models;
			sourceTree = "<group>";
		};
		0A337BF01C41CE0F00CEA758 /* Repository */ = {
			isa = PBXGroup;
			children = (
				0A0141961C5CA5D6003783C3 /* SelectOption.swift */,
				0A337BE81C414B4700CEA758 /* Repository.swift */,
				0A337BEA1C414BCA00CEA758 /* UserRepository.swift */,
				0A337BE41C413F3C00CEA758 /* BbsRepository.swift */,
				0A337BE61C41405500CEA758 /* BbsCommentRepository.swift */,
				0AA9B83F1C4FE67B004D3DE1 /* ImageRepository.swift */,
			);
			name = Repository;
			sourceTree = "<group>";
		};
		0A84901F1C36CB3400149828 /* Linked */ = {
			isa = PBXGroup;
			children = (
				0AA9B7C81C49896D004D3DE1 /* PerfectLib.framework */,
			);
			name = Linked;
			sourceTree = "<group>";
		};
		0A84902A1C370AEF00149828 /* Templates */ = {
			isa = PBXGroup;
			children = (
				0AE911E61C3E9DF300F6BA79 /* common_header.mustache */,
				0AE911E91C3EA59900F6BA79 /* common_footer.mustache */,
				0A8490351C3BE05000149828 /* user_register.mustache */,
				0AE911F21C40EEB700F6BA79 /* user_mypage.mustache */,
				0A337BF11C425A4D00CEA758 /* user_edit.mustache */,
				0A8490381C3BF07100149828 /* user_login.mustache */,
				0A84903E1C3C059D00149828 /* bbs_list.mustache */,
				0A84903B1C3BFC9D00149828 /* bbs_detail.mustache */,
				0A0141901C5C9F43003783C3 /* bbs_pager.mustache */,
			);
			path = Templates;
			sourceTree = "<group>";
		};
		0A8490431C3D53A700149828 /* webroot */ = {
			isa = PBXGroup;
			children = (
				0AA9B8421C4FEAC6004D3DE1 /* uploads */,
				0AE911ED1C3ED29400F6BA79 /* assets */,
			);
			path = webroot;
			sourceTree = "<group>";
		};
		0A98F55E1C36A9FB00E94B9D = {
			isa = PBXGroup;
			children = (
				0A98F5881C36B4D800E94B9D /* SwiftBBS Server */,
				0A98F5941C36B4D800E94B9D /* SwiftBBS ServerTests */,
				0A84901F1C36CB3400149828 /* Linked */,
				0AA9B7951C49818F004D3DE1 /* SwiftBBS */,
				0AA9B7AC1C498190004D3DE1 /* SwiftBBSTests */,
				0AA9B7B71C498190004D3DE1 /* SwiftBBSUITests */,
				0A98F5871C36B4D800E94B9D /* Products */,
			);
			sourceTree = "<group>";
		};
		0A98F5871C36B4D800E94B9D /* Products */ = {
			isa = PBXGroup;
			children = (
				0A98F5861C36B4D800E94B9D /* SwiftBBS Server.framework */,
				0A98F5901C36B4D800E94B9D /* SwiftBBS ServerTests.xctest */,
				0AA9B7941C49818F004D3DE1 /* SwiftBBS.app */,
				0AA9B7A91C498190004D3DE1 /* SwiftBBSTests.xctest */,
				0AA9B7B41C498190004D3DE1 /* SwiftBBSUITests.xctest */,
			);
			name = Products;
			sourceTree = "<group>";
		};
		0A98F5881C36B4D800E94B9D /* SwiftBBS Server */ = {
			isa = PBXGroup;
			children = (
				0A8490201C36FCB900149828 /* Config.swift */,
				0A98F59E1C36B52700E94B9D /* PerfectServerModuleInit.swift */,
				0AA9B7871C49510C004D3DE1 /* extension.swift */,
				0AA9B78B1C495126004D3DE1 /* Handlers */,
				0A337BE31C413EF900CEA758 /* Models */,
				0A84902A1C370AEF00149828 /* Templates */,
				0A8490431C3D53A700149828 /* webroot */,
				0A98F5891C36B4D800E94B9D /* SwiftBBS Server.h */,
				0A98F58B1C36B4D800E94B9D /* Info.plist */,
			);
			path = "SwiftBBS Server";
			sourceTree = "<group>";
		};
		0A98F5941C36B4D800E94B9D /* SwiftBBS ServerTests */ = {
			isa = PBXGroup;
			children = (
				0A98F5951C36B4D800E94B9D /* SwiftBBS_ServerTests.swift */,
				0A98F5971C36B4D800E94B9D /* Info.plist */,
			);
			path = "SwiftBBS ServerTests";
			sourceTree = "<group>";
		};
		0AA9B78B1C495126004D3DE1 /* Handlers */ = {
			isa = PBXGroup;
			children = (
				0AA9B78E1C495189004D3DE1 /* BaseRequestHandler.swift */,
				0AA9B7891C49511F004D3DE1 /* BbsHandler.swift */,
				0AA9B78C1C495145004D3DE1 /* UserHandler.swift */,
			);
			name = Handlers;
			sourceTree = "<group>";
		};
		0AA9B7951C49818F004D3DE1 /* SwiftBBS */ = {
			isa = PBXGroup;
			children = (
				0AA9B7CC1C4A40C3004D3DE1 /* ViewControllers */,
				0AA9B7D01C4B6B80004D3DE1 /* Views */,
				0AA9B7DD1C4BAD1C004D3DE1 /* Model */,
				0AA9B7961C49818F004D3DE1 /* AppDelegate.swift */,
				0AA9B7CD1C4A4335004D3DE1 /* Config.swift */,
				0AA9B7D41C4B7568004D3DE1 /* Extension.swift */,
				0AA9B79C1C49818F004D3DE1 /* Main.storyboard */,
				0AA9B79F1C49818F004D3DE1 /* Assets.xcassets */,
				0AA9B7A11C49818F004D3DE1 /* LaunchScreen.storyboard */,
				0AA9B7A41C49818F004D3DE1 /* Info.plist */,
			);
			path = SwiftBBS;
			sourceTree = "<group>";
		};
		0AA9B7AC1C498190004D3DE1 /* SwiftBBSTests */ = {
			isa = PBXGroup;
			children = (
				0AA9B7AD1C498190004D3DE1 /* SwiftBBSTests.swift */,
				0AA9B7AF1C498190004D3DE1 /* Info.plist */,
			);
			path = SwiftBBSTests;
			sourceTree = "<group>";
		};
		0AA9B7B71C498190004D3DE1 /* SwiftBBSUITests */ = {
			isa = PBXGroup;
			children = (
				0AA9B7B81C498190004D3DE1 /* SwiftBBSUITests.swift */,
				0AA9B7BA1C498190004D3DE1 /* Info.plist */,
			);
			path = SwiftBBSUITests;
			sourceTree = "<group>";
		};
		0AA9B7CC1C4A40C3004D3DE1 /* ViewControllers */ = {
			isa = PBXGroup;
			children = (
				0AA9B7981C49818F004D3DE1 /* BbsViewController.swift */,
				0AA9B7E21C4BFFA2004D3DE1 /* BbsAddViewController.swift */,
				0AA9B7CA1C4A40B8004D3DE1 /* BbsDetailViewController.swift */,
				0AA9B79A1C49818F004D3DE1 /* MypageViewController.swift */,
				0AA9B7D91C4B9571004D3DE1 /* LoginViewController.swift */,
				0AA9B7DE1C4BEE6F004D3DE1 /* UserEditViewController.swift */,
				0AA9B7E01C4BF93E004D3DE1 /* UserRegisterViewController.swift */,
			);
			name = ViewControllers;
			sourceTree = "<group>";
		};
		0AA9B7CF1C4B6B56004D3DE1 /* BbsDetail */ = {
			isa = PBXGroup;
			children = (
				0AA9B7D11C4B6BAC004D3DE1 /* BbsDetailTableViewCell.swift */,
			);
			name = BbsDetail;
			sourceTree = "<group>";
		};
		0AA9B7D01C4B6B80004D3DE1 /* Views */ = {
			isa = PBXGroup;
			children = (
				0AA9B7D61C4B8A90004D3DE1 /* Bbs */,
				0AA9B7CF1C4B6B56004D3DE1 /* BbsDetail */,
				0AA9B7E41C4C0A39004D3DE1 /* RoundedCornerView.swift */,
			);
			name = Views;
			sourceTree = "<group>";
		};
		0AA9B7D61C4B8A90004D3DE1 /* Bbs */ = {
			isa = PBXGroup;
			children = (
				0AA9B7D71C4B8AAC004D3DE1 /* BbsTableViewCell.swift */,
			);
			name = Bbs;
			sourceTree = "<group>";
		};
		0AA9B7DD1C4BAD1C004D3DE1 /* Model */ = {
			isa = PBXGroup;
			children = (
				0AA9B7DB1C4BAD10004D3DE1 /* User.swift */,
			);
			name = Model;
			sourceTree = "<group>";
		};
		0AA9B8421C4FEAC6004D3DE1 /* uploads */ = {
			isa = PBXGroup;
			children = (
				0AA9B8441C4FFAF5004D3DE1 /* dummy.txt */,
			);
			path = uploads;
			sourceTree = "<group>";
		};
		0AA9B8481C5A65A2004D3DE1 /* Service */ = {
			isa = PBXGroup;
			children = (
				0AA9B8491C5A65B5004D3DE1 /* ImageService.swift */,
			);
			name = Service;
			sourceTree = "<group>";
		};
		0AE911ED1C3ED29400F6BA79 /* assets */ = {
			isa = PBXGroup;
			children = (
				0AE911EE1C3ED29400F6BA79 /* img */,
			);
			path = assets;
			sourceTree = "<group>";
		};
		0AE911EE1C3ED29400F6BA79 /* img */ = {
			isa = PBXGroup;
			children = (
				0AE911EF1C3ED29400F6BA79 /* perfect_icon.png */,
			);
			path = img;
			sourceTree = "<group>";
		};
/* End PBXGroup section */

/* Begin PBXHeadersBuildPhase section */
		0A98F5831C36B4D800E94B9D /* Headers */ = {
			isa = PBXHeadersBuildPhase;
			buildActionMask = 2147483647;
			files = (
				0A98F58A1C36B4D800E94B9D /* SwiftBBS Server.h in Headers */,
			);
			runOnlyForDeploymentPostprocessing = 0;
		};
/* End PBXHeadersBuildPhase section */

/* Begin PBXNativeTarget section */
		0A98F5851C36B4D800E94B9D /* SwiftBBS Server */ = {
			isa = PBXNativeTarget;
			buildConfigurationList = 0A98F5981C36B4D800E94B9D /* Build configuration list for PBXNativeTarget "SwiftBBS Server" */;
			buildPhases = (
				0A98F5811C36B4D800E94B9D /* Sources */,
				0A98F5821C36B4D800E94B9D /* Frameworks */,
				0A98F5831C36B4D800E94B9D /* Headers */,
				0A98F5841C36B4D800E94B9D /* Resources */,
				0A84902D1C370B5E00149828 /* CopyFiles */,
				0A8490461C3D547D00149828 /* CopyFiles */,
				0AA9B8431C4FFA53004D3DE1 /* CopyFiles */,
			);
			buildRules = (
			);
			dependencies = (
			);
			name = "SwiftBBS Server";
			productName = "SwiftBBS Server";
			productReference = 0A98F5861C36B4D800E94B9D /* SwiftBBS Server.framework */;
			productType = "com.apple.product-type.framework";
		};
		0A98F58F1C36B4D800E94B9D /* SwiftBBS ServerTests */ = {
			isa = PBXNativeTarget;
			buildConfigurationList = 0A98F59B1C36B4D800E94B9D /* Build configuration list for PBXNativeTarget "SwiftBBS ServerTests" */;
			buildPhases = (
				0A98F58C1C36B4D800E94B9D /* Sources */,
				0A98F58D1C36B4D800E94B9D /* Frameworks */,
				0A98F58E1C36B4D800E94B9D /* Resources */,
			);
			buildRules = (
			);
			dependencies = (
				0A98F5931C36B4D800E94B9D /* PBXTargetDependency */,
			);
			name = "SwiftBBS ServerTests";
			productName = "SwiftBBS ServerTests";
			productReference = 0A98F5901C36B4D800E94B9D /* SwiftBBS ServerTests.xctest */;
			productType = "com.apple.product-type.bundle.unit-test";
		};
		0AA9B7931C49818F004D3DE1 /* SwiftBBS */ = {
			isa = PBXNativeTarget;
			buildConfigurationList = 0AA9B7BB1C498190004D3DE1 /* Build configuration list for PBXNativeTarget "SwiftBBS" */;
			buildPhases = (
				0AA9B7901C49818F004D3DE1 /* Sources */,
				0AA9B7911C49818F004D3DE1 /* Frameworks */,
				0AA9B7921C49818F004D3DE1 /* Resources */,
			);
			buildRules = (
			);
			dependencies = (
			);
			name = SwiftBBS;
			productName = SwiftBBS;
			productReference = 0AA9B7941C49818F004D3DE1 /* SwiftBBS.app */;
			productType = "com.apple.product-type.application";
		};
		0AA9B7A81C498190004D3DE1 /* SwiftBBSTests */ = {
			isa = PBXNativeTarget;
			buildConfigurationList = 0AA9B7BE1C498190004D3DE1 /* Build configuration list for PBXNativeTarget "SwiftBBSTests" */;
			buildPhases = (
				0AA9B7A51C498190004D3DE1 /* Sources */,
				0AA9B7A61C498190004D3DE1 /* Frameworks */,
				0AA9B7A71C498190004D3DE1 /* Resources */,
			);
			buildRules = (
			);
			dependencies = (
				0AA9B7AB1C498190004D3DE1 /* PBXTargetDependency */,
			);
			name = SwiftBBSTests;
			productName = SwiftBBSTests;
			productReference = 0AA9B7A91C498190004D3DE1 /* SwiftBBSTests.xctest */;
			productType = "com.apple.product-type.bundle.unit-test";
		};
		0AA9B7B31C498190004D3DE1 /* SwiftBBSUITests */ = {
			isa = PBXNativeTarget;
			buildConfigurationList = 0AA9B7C11C498190004D3DE1 /* Build configuration list for PBXNativeTarget "SwiftBBSUITests" */;
			buildPhases = (
				0AA9B7B01C498190004D3DE1 /* Sources */,
				0AA9B7B11C498190004D3DE1 /* Frameworks */,
				0AA9B7B21C498190004D3DE1 /* Resources */,
			);
			buildRules = (
			);
			dependencies = (
				0AA9B7B61C498190004D3DE1 /* PBXTargetDependency */,
			);
			name = SwiftBBSUITests;
			productName = SwiftBBSUITests;
			productReference = 0AA9B7B41C498190004D3DE1 /* SwiftBBSUITests.xctest */;
			productType = "com.apple.product-type.bundle.ui-testing";
		};
/* End PBXNativeTarget section */

/* Begin PBXProject section */
		0A98F55F1C36A9FB00E94B9D /* Project object */ = {
			isa = PBXProject;
			attributes = {
				LastSwiftUpdateCheck = 0720;
				LastUpgradeCheck = 0720;
				TargetAttributes = {
					0A98F5851C36B4D800E94B9D = {
						CreatedOnToolsVersion = 7.2;
					};
					0A98F58F1C36B4D800E94B9D = {
						CreatedOnToolsVersion = 7.2;
					};
					0AA9B7931C49818F004D3DE1 = {
						CreatedOnToolsVersion = 7.2;
					};
					0AA9B7A81C498190004D3DE1 = {
						CreatedOnToolsVersion = 7.2;
						TestTargetID = 0AA9B7931C49818F004D3DE1;
					};
					0AA9B7B31C498190004D3DE1 = {
						CreatedOnToolsVersion = 7.2;
						TestTargetID = 0AA9B7931C49818F004D3DE1;
					};
				};
			};
			buildConfigurationList = 0A98F5621C36A9FB00E94B9D /* Build configuration list for PBXProject "SwiftBBS" */;
			compatibilityVersion = "Xcode 3.2";
			developmentRegion = English;
			hasScannedForEncodings = 0;
			knownRegions = (
				en,
				Base,
			);
			mainGroup = 0A98F55E1C36A9FB00E94B9D;
			productRefGroup = 0A98F5871C36B4D800E94B9D /* Products */;
			projectDirPath = "";
			projectRoot = "";
			targets = (
				0A98F5851C36B4D800E94B9D /* SwiftBBS Server */,
				0A98F58F1C36B4D800E94B9D /* SwiftBBS ServerTests */,
				0AA9B7931C49818F004D3DE1 /* SwiftBBS */,
				0AA9B7A81C498190004D3DE1 /* SwiftBBSTests */,
				0AA9B7B31C498190004D3DE1 /* SwiftBBSUITests */,
			);
		};
/* End PBXProject section */

/* Begin PBXResourcesBuildPhase section */
		0A98F5841C36B4D800E94B9D /* Resources */ = {
			isa = PBXResourcesBuildPhase;
			buildActionMask = 2147483647;
			files = (
				0A8490361C3BE05000149828 /* user_register.mustache in Resources */,
				0A8490391C3BF07100149828 /* user_login.mustache in Resources */,
				0A84903C1C3BFC9D00149828 /* bbs_detail.mustache in Resources */,
				0AE911F01C3ED29400F6BA79 /* perfect_icon.png in Resources */,
				0AE911EA1C3EA59900F6BA79 /* common_footer.mustache in Resources */,
				0A84903F1C3C059D00149828 /* bbs_list.mustache in Resources */,
				0A0141911C5C9F43003783C3 /* bbs_pager.mustache in Resources */,
				0AE911E71C3E9DF300F6BA79 /* common_header.mustache in Resources */,
				0AA9B8451C4FFAF5004D3DE1 /* dummy.txt in Resources */,
				0A337BF21C425A4D00CEA758 /* user_edit.mustache in Resources */,
				0AE911F31C40EEB700F6BA79 /* user_mypage.mustache in Resources */,
			);
			runOnlyForDeploymentPostprocessing = 0;
		};
		0A98F58E1C36B4D800E94B9D /* Resources */ = {
			isa = PBXResourcesBuildPhase;
			buildActionMask = 2147483647;
			files = (
			);
			runOnlyForDeploymentPostprocessing = 0;
		};
		0AA9B7921C49818F004D3DE1 /* Resources */ = {
			isa = PBXResourcesBuildPhase;
			buildActionMask = 2147483647;
			files = (
				0AA9B7A31C49818F004D3DE1 /* LaunchScreen.storyboard in Resources */,
				0AA9B7A01C49818F004D3DE1 /* Assets.xcassets in Resources */,
				0AA9B79E1C49818F004D3DE1 /* Main.storyboard in Resources */,
			);
			runOnlyForDeploymentPostprocessing = 0;
		};
		0AA9B7A71C498190004D3DE1 /* Resources */ = {
			isa = PBXResourcesBuildPhase;
			buildActionMask = 2147483647;
			files = (
			);
			runOnlyForDeploymentPostprocessing = 0;
		};
		0AA9B7B21C498190004D3DE1 /* Resources */ = {
			isa = PBXResourcesBuildPhase;
			buildActionMask = 2147483647;
			files = (
			);
			runOnlyForDeploymentPostprocessing = 0;
		};
/* End PBXResourcesBuildPhase section */

/* Begin PBXSourcesBuildPhase section */
		0A98F5811C36B4D800E94B9D /* Sources */ = {
			isa = PBXSourcesBuildPhase;
			buildActionMask = 2147483647;
			files = (
				0AA9B78A1C49511F004D3DE1 /* BbsHandler.swift in Sources */,
				0A98F59F1C36B52700E94B9D /* PerfectServerModuleInit.swift in Sources */,
				0AA9B7881C49510C004D3DE1 /* extension.swift in Sources */,
				0AA9B78F1C495189004D3DE1 /* BaseRequestHandler.swift in Sources */,
				0A337BE51C413F3C00CEA758 /* BbsRepository.swift in Sources */,
				0AA9B84A1C5A65B6004D3DE1 /* ImageService.swift in Sources */,
				0A0141951C5CA1AF003783C3 /* Pager.swift in Sources */,
				0A01419A1C5FAAAB003783C3 /* Validator.swift in Sources */,
				0AA9B78D1C495145004D3DE1 /* UserHandler.swift in Sources */,
				0A337BEB1C414BCA00CEA758 /* UserRepository.swift in Sources */,
				0AA9B8401C4FE67B004D3DE1 /* ImageRepository.swift in Sources */,
				0A337BE91C414B4700CEA758 /* Repository.swift in Sources */,
				0A8490211C36FCB900149828 /* Config.swift in Sources */,
				0A0141971C5CA5D6003783C3 /* SelectOption.swift in Sources */,
				0A337BE71C41405500CEA758 /* BbsCommentRepository.swift in Sources */,
			);
			runOnlyForDeploymentPostprocessing = 0;
		};
		0A98F58C1C36B4D800E94B9D /* Sources */ = {
			isa = PBXSourcesBuildPhase;
			buildActionMask = 2147483647;
			files = (
				0A98F5961C36B4D800E94B9D /* SwiftBBS_ServerTests.swift in Sources */,
			);
			runOnlyForDeploymentPostprocessing = 0;
		};
		0AA9B7901C49818F004D3DE1 /* Sources */ = {
			isa = PBXSourcesBuildPhase;
			buildActionMask = 2147483647;
			files = (
				0AA9B7E11C4BF93E004D3DE1 /* UserRegisterViewController.swift in Sources */,
				0AA9B7DA1C4B9571004D3DE1 /* LoginViewController.swift in Sources */,
				0AA9B79B1C49818F004D3DE1 /* MypageViewController.swift in Sources */,
				0AA9B7CB1C4A40B8004D3DE1 /* BbsDetailViewController.swift in Sources */,
				0AA9B7D51C4B7568004D3DE1 /* Extension.swift in Sources */,
				0AA9B7D81C4B8AAC004D3DE1 /* BbsTableViewCell.swift in Sources */,
				0AA9B7CE1C4A4335004D3DE1 /* Config.swift in Sources */,
				0AA9B7971C49818F004D3DE1 /* AppDelegate.swift in Sources */,
				0AA9B7D21C4B6BAC004D3DE1 /* BbsDetailTableViewCell.swift in Sources */,
				0AA9B7E31C4BFFA2004D3DE1 /* BbsAddViewController.swift in Sources */,
				0AA9B7DC1C4BAD10004D3DE1 /* User.swift in Sources */,
				0AA9B7991C49818F004D3DE1 /* BbsViewController.swift in Sources */,
				0AA9B7DF1C4BEE6F004D3DE1 /* UserEditViewController.swift in Sources */,
				0AA9B7E51C4C0A39004D3DE1 /* RoundedCornerView.swift in Sources */,
			);
			runOnlyForDeploymentPostprocessing = 0;
		};
		0AA9B7A51C498190004D3DE1 /* Sources */ = {
			isa = PBXSourcesBuildPhase;
			buildActionMask = 2147483647;
			files = (
				0AA9B7AE1C498190004D3DE1 /* SwiftBBSTests.swift in Sources */,
			);
			runOnlyForDeploymentPostprocessing = 0;
		};
		0AA9B7B01C498190004D3DE1 /* Sources */ = {
			isa = PBXSourcesBuildPhase;
			buildActionMask = 2147483647;
			files = (
				0AA9B7B91C498190004D3DE1 /* SwiftBBSUITests.swift in Sources */,
			);
			runOnlyForDeploymentPostprocessing = 0;
		};
/* End PBXSourcesBuildPhase section */

/* Begin PBXTargetDependency section */
		0A98F5931C36B4D800E94B9D /* PBXTargetDependency */ = {
			isa = PBXTargetDependency;
			target = 0A98F5851C36B4D800E94B9D /* SwiftBBS Server */;
			targetProxy = 0A98F5921C36B4D800E94B9D /* PBXContainerItemProxy */;
		};
		0AA9B7AB1C498190004D3DE1 /* PBXTargetDependency */ = {
			isa = PBXTargetDependency;
			target = 0AA9B7931C49818F004D3DE1 /* SwiftBBS */;
			targetProxy = 0AA9B7AA1C498190004D3DE1 /* PBXContainerItemProxy */;
		};
		0AA9B7B61C498190004D3DE1 /* PBXTargetDependency */ = {
			isa = PBXTargetDependency;
			target = 0AA9B7931C49818F004D3DE1 /* SwiftBBS */;
			targetProxy = 0AA9B7B51C498190004D3DE1 /* PBXContainerItemProxy */;
		};
/* End PBXTargetDependency section */

/* Begin PBXVariantGroup section */
		0AA9B79C1C49818F004D3DE1 /* Main.storyboard */ = {
			isa = PBXVariantGroup;
			children = (
				0AA9B79D1C49818F004D3DE1 /* Base */,
			);
			name = Main.storyboard;
			sourceTree = "<group>";
		};
		0AA9B7A11C49818F004D3DE1 /* LaunchScreen.storyboard */ = {
			isa = PBXVariantGroup;
			children = (
				0AA9B7A21C49818F004D3DE1 /* Base */,
			);
			name = LaunchScreen.storyboard;
			sourceTree = "<group>";
		};
/* End PBXVariantGroup section */

/* Begin XCBuildConfiguration section */
		0A98F5631C36A9FB00E94B9D /* Debug */ = {
			isa = XCBuildConfiguration;
			buildSettings = {
				DEBUG_INFORMATION_FORMAT = dwarf;
			};
			name = Debug;
		};
		0A98F5641C36A9FB00E94B9D /* Release */ = {
			isa = XCBuildConfiguration;
			buildSettings = {
				DEBUG_INFORMATION_FORMAT = "dwarf-with-dsym";
			};
			name = Release;
		};
		0A98F5991C36B4D800E94B9D /* Debug */ = {
			isa = XCBuildConfiguration;
			buildSettings = {
				ALWAYS_SEARCH_USER_PATHS = NO;
				CLANG_CXX_LANGUAGE_STANDARD = "gnu++0x";
				CLANG_CXX_LIBRARY = "libc++";
				CLANG_ENABLE_MODULES = YES;
				CLANG_ENABLE_OBJC_ARC = YES;
				CLANG_WARN_BOOL_CONVERSION = YES;
				CLANG_WARN_CONSTANT_CONVERSION = YES;
				CLANG_WARN_DIRECT_OBJC_ISA_USAGE = YES_ERROR;
				CLANG_WARN_EMPTY_BODY = YES;
				CLANG_WARN_ENUM_CONVERSION = YES;
				CLANG_WARN_INT_CONVERSION = YES;
				CLANG_WARN_OBJC_ROOT_CLASS = YES_ERROR;
				CLANG_WARN_UNREACHABLE_CODE = YES;
				CLANG_WARN__DUPLICATE_METHOD_MATCH = YES;
				CODE_SIGN_IDENTITY = "-";
				COMBINE_HIDPI_IMAGES = YES;
				COPY_PHASE_STRIP = NO;
				CURRENT_PROJECT_VERSION = 1;
				DEBUG_INFORMATION_FORMAT = dwarf;
				DEFINES_MODULE = NO;
				DEPLOYMENT_LOCATION = YES;
				DSTROOT = "$(CONFIGURATION_BUILD_DIR)";
				DYLIB_COMPATIBILITY_VERSION = 1;
				DYLIB_CURRENT_VERSION = 1;
				DYLIB_INSTALL_NAME_BASE = "@rpath";
				ENABLE_STRICT_OBJC_MSGSEND = YES;
				ENABLE_TESTABILITY = YES;
				FRAMEWORK_VERSION = A;
				GCC_C_LANGUAGE_STANDARD = gnu99;
				GCC_DYNAMIC_NO_PIC = NO;
				GCC_NO_COMMON_BLOCKS = YES;
				GCC_OPTIMIZATION_LEVEL = 0;
				GCC_PREPROCESSOR_DEFINITIONS = (
					"DEBUG=1",
					"$(inherited)",
				);
				GCC_WARN_64_TO_32_BIT_CONVERSION = YES;
				GCC_WARN_ABOUT_RETURN_TYPE = YES_ERROR;
				GCC_WARN_UNDECLARED_SELECTOR = YES;
				GCC_WARN_UNINITIALIZED_AUTOS = YES_AGGRESSIVE;
				GCC_WARN_UNUSED_FUNCTION = YES;
				GCC_WARN_UNUSED_VARIABLE = YES;
				INFOPLIST_FILE = "SwiftBBS Server/Info.plist";
				INSTALL_PATH = /PerfectLibraries;
				LD_RUNPATH_SEARCH_PATHS = "$(inherited) @executable_path/../Frameworks @loader_path/Frameworks";
				LIBRARY_SEARCH_PATHS = (
					"$(inherited)",
					"$(SDKROOT)/usr/lib/system",
				);
				MACOSX_DEPLOYMENT_TARGET = 10.11;
				MTL_ENABLE_DEBUG_INFO = YES;
				ONLY_ACTIVE_ARCH = YES;
				PRODUCT_BUNDLE_IDENTIFIER = "asia.groovebab.SwiftBBS-Server";
				PRODUCT_NAME = "$(TARGET_NAME)";
				SDKROOT = macosx;
				SKIP_INSTALL = NO;
				SWIFT_OPTIMIZATION_LEVEL = "-Onone";
				VERSIONING_SYSTEM = "apple-generic";
				VERSION_INFO_PREFIX = "";
			};
			name = Debug;
		};
		0A98F59A1C36B4D800E94B9D /* Release */ = {
			isa = XCBuildConfiguration;
			buildSettings = {
				ALWAYS_SEARCH_USER_PATHS = NO;
				CLANG_CXX_LANGUAGE_STANDARD = "gnu++0x";
				CLANG_CXX_LIBRARY = "libc++";
				CLANG_ENABLE_MODULES = YES;
				CLANG_ENABLE_OBJC_ARC = YES;
				CLANG_WARN_BOOL_CONVERSION = YES;
				CLANG_WARN_CONSTANT_CONVERSION = YES;
				CLANG_WARN_DIRECT_OBJC_ISA_USAGE = YES_ERROR;
				CLANG_WARN_EMPTY_BODY = YES;
				CLANG_WARN_ENUM_CONVERSION = YES;
				CLANG_WARN_INT_CONVERSION = YES;
				CLANG_WARN_OBJC_ROOT_CLASS = YES_ERROR;
				CLANG_WARN_UNREACHABLE_CODE = YES;
				CLANG_WARN__DUPLICATE_METHOD_MATCH = YES;
				CODE_SIGN_IDENTITY = "-";
				COMBINE_HIDPI_IMAGES = YES;
				COPY_PHASE_STRIP = NO;
				CURRENT_PROJECT_VERSION = 1;
				DEBUG_INFORMATION_FORMAT = "dwarf-with-dsym";
				DEFINES_MODULE = NO;
				DEPLOYMENT_LOCATION = YES;
				DSTROOT = "$(CONFIGURATION_BUILD_DIR)";
				DYLIB_COMPATIBILITY_VERSION = 1;
				DYLIB_CURRENT_VERSION = 1;
				DYLIB_INSTALL_NAME_BASE = "@rpath";
				ENABLE_NS_ASSERTIONS = NO;
				ENABLE_STRICT_OBJC_MSGSEND = YES;
				FRAMEWORK_VERSION = A;
				GCC_C_LANGUAGE_STANDARD = gnu99;
				GCC_NO_COMMON_BLOCKS = YES;
				GCC_WARN_64_TO_32_BIT_CONVERSION = YES;
				GCC_WARN_ABOUT_RETURN_TYPE = YES_ERROR;
				GCC_WARN_UNDECLARED_SELECTOR = YES;
				GCC_WARN_UNINITIALIZED_AUTOS = YES_AGGRESSIVE;
				GCC_WARN_UNUSED_FUNCTION = YES;
				GCC_WARN_UNUSED_VARIABLE = YES;
				INFOPLIST_FILE = "SwiftBBS Server/Info.plist";
				INSTALL_PATH = /PerfectLibraries;
				LD_RUNPATH_SEARCH_PATHS = "$(inherited) @executable_path/../Frameworks @loader_path/Frameworks";
				LIBRARY_SEARCH_PATHS = (
					"$(inherited)",
					"$(SDKROOT)/usr/lib/system",
				);
				MACOSX_DEPLOYMENT_TARGET = 10.11;
				MTL_ENABLE_DEBUG_INFO = NO;
				PRODUCT_BUNDLE_IDENTIFIER = "asia.groovebab.SwiftBBS-Server";
				PRODUCT_NAME = "$(TARGET_NAME)";
				SDKROOT = macosx;
				SKIP_INSTALL = NO;
				VERSIONING_SYSTEM = "apple-generic";
				VERSION_INFO_PREFIX = "";
			};
			name = Release;
		};
		0A98F59C1C36B4D800E94B9D /* Debug */ = {
			isa = XCBuildConfiguration;
			buildSettings = {
				ALWAYS_SEARCH_USER_PATHS = NO;
				CLANG_CXX_LANGUAGE_STANDARD = "gnu++0x";
				CLANG_CXX_LIBRARY = "libc++";
				CLANG_ENABLE_MODULES = YES;
				CLANG_ENABLE_OBJC_ARC = YES;
				CLANG_WARN_BOOL_CONVERSION = YES;
				CLANG_WARN_CONSTANT_CONVERSION = YES;
				CLANG_WARN_DIRECT_OBJC_ISA_USAGE = YES_ERROR;
				CLANG_WARN_EMPTY_BODY = YES;
				CLANG_WARN_ENUM_CONVERSION = YES;
				CLANG_WARN_INT_CONVERSION = YES;
				CLANG_WARN_OBJC_ROOT_CLASS = YES_ERROR;
				CLANG_WARN_UNREACHABLE_CODE = YES;
				CLANG_WARN__DUPLICATE_METHOD_MATCH = YES;
				CODE_SIGN_IDENTITY = "-";
				COMBINE_HIDPI_IMAGES = YES;
				COPY_PHASE_STRIP = NO;
				DEBUG_INFORMATION_FORMAT = dwarf;
				ENABLE_STRICT_OBJC_MSGSEND = YES;
				ENABLE_TESTABILITY = YES;
				GCC_C_LANGUAGE_STANDARD = gnu99;
				GCC_DYNAMIC_NO_PIC = NO;
				GCC_NO_COMMON_BLOCKS = YES;
				GCC_OPTIMIZATION_LEVEL = 0;
				GCC_PREPROCESSOR_DEFINITIONS = (
					"DEBUG=1",
					"$(inherited)",
				);
				GCC_WARN_64_TO_32_BIT_CONVERSION = YES;
				GCC_WARN_ABOUT_RETURN_TYPE = YES_ERROR;
				GCC_WARN_UNDECLARED_SELECTOR = YES;
				GCC_WARN_UNINITIALIZED_AUTOS = YES_AGGRESSIVE;
				GCC_WARN_UNUSED_FUNCTION = YES;
				GCC_WARN_UNUSED_VARIABLE = YES;
				INFOPLIST_FILE = "SwiftBBS ServerTests/Info.plist";
				LD_RUNPATH_SEARCH_PATHS = "$(inherited) @executable_path/../Frameworks @loader_path/../Frameworks";
				MACOSX_DEPLOYMENT_TARGET = 10.11;
				MTL_ENABLE_DEBUG_INFO = YES;
				ONLY_ACTIVE_ARCH = YES;
				PRODUCT_BUNDLE_IDENTIFIER = "asia.groovebab.SwiftBBS-ServerTests";
				PRODUCT_NAME = "$(TARGET_NAME)";
				SDKROOT = macosx;
				SWIFT_OPTIMIZATION_LEVEL = "-Onone";
			};
			name = Debug;
		};
		0A98F59D1C36B4D800E94B9D /* Release */ = {
			isa = XCBuildConfiguration;
			buildSettings = {
				ALWAYS_SEARCH_USER_PATHS = NO;
				CLANG_CXX_LANGUAGE_STANDARD = "gnu++0x";
				CLANG_CXX_LIBRARY = "libc++";
				CLANG_ENABLE_MODULES = YES;
				CLANG_ENABLE_OBJC_ARC = YES;
				CLANG_WARN_BOOL_CONVERSION = YES;
				CLANG_WARN_CONSTANT_CONVERSION = YES;
				CLANG_WARN_DIRECT_OBJC_ISA_USAGE = YES_ERROR;
				CLANG_WARN_EMPTY_BODY = YES;
				CLANG_WARN_ENUM_CONVERSION = YES;
				CLANG_WARN_INT_CONVERSION = YES;
				CLANG_WARN_OBJC_ROOT_CLASS = YES_ERROR;
				CLANG_WARN_UNREACHABLE_CODE = YES;
				CLANG_WARN__DUPLICATE_METHOD_MATCH = YES;
				CODE_SIGN_IDENTITY = "-";
				COMBINE_HIDPI_IMAGES = YES;
				COPY_PHASE_STRIP = NO;
				DEBUG_INFORMATION_FORMAT = "dwarf-with-dsym";
				ENABLE_NS_ASSERTIONS = NO;
				ENABLE_STRICT_OBJC_MSGSEND = YES;
				GCC_C_LANGUAGE_STANDARD = gnu99;
				GCC_NO_COMMON_BLOCKS = YES;
				GCC_WARN_64_TO_32_BIT_CONVERSION = YES;
				GCC_WARN_ABOUT_RETURN_TYPE = YES_ERROR;
				GCC_WARN_UNDECLARED_SELECTOR = YES;
				GCC_WARN_UNINITIALIZED_AUTOS = YES_AGGRESSIVE;
				GCC_WARN_UNUSED_FUNCTION = YES;
				GCC_WARN_UNUSED_VARIABLE = YES;
				INFOPLIST_FILE = "SwiftBBS ServerTests/Info.plist";
				LD_RUNPATH_SEARCH_PATHS = "$(inherited) @executable_path/../Frameworks @loader_path/../Frameworks";
				MACOSX_DEPLOYMENT_TARGET = 10.11;
				MTL_ENABLE_DEBUG_INFO = NO;
				PRODUCT_BUNDLE_IDENTIFIER = "asia.groovebab.SwiftBBS-ServerTests";
				PRODUCT_NAME = "$(TARGET_NAME)";
				SDKROOT = macosx;
			};
			name = Release;
		};
		0AA9B7BC1C498190004D3DE1 /* Debug */ = {
			isa = XCBuildConfiguration;
			buildSettings = {
				ALWAYS_SEARCH_USER_PATHS = NO;
				ASSETCATALOG_COMPILER_APPICON_NAME = AppIcon;
				CLANG_CXX_LANGUAGE_STANDARD = "gnu++0x";
				CLANG_CXX_LIBRARY = "libc++";
				CLANG_ENABLE_MODULES = YES;
				CLANG_ENABLE_OBJC_ARC = YES;
				CLANG_WARN_BOOL_CONVERSION = YES;
				CLANG_WARN_CONSTANT_CONVERSION = YES;
				CLANG_WARN_DIRECT_OBJC_ISA_USAGE = YES_ERROR;
				CLANG_WARN_EMPTY_BODY = YES;
				CLANG_WARN_ENUM_CONVERSION = YES;
				CLANG_WARN_INT_CONVERSION = YES;
				CLANG_WARN_OBJC_ROOT_CLASS = YES_ERROR;
				CLANG_WARN_UNREACHABLE_CODE = YES;
				CLANG_WARN__DUPLICATE_METHOD_MATCH = YES;
				"CODE_SIGN_IDENTITY[sdk=iphoneos*]" = "iPhone Developer";
				COPY_PHASE_STRIP = NO;
				ENABLE_STRICT_OBJC_MSGSEND = YES;
				ENABLE_TESTABILITY = YES;
				GCC_C_LANGUAGE_STANDARD = gnu99;
				GCC_DYNAMIC_NO_PIC = NO;
				GCC_NO_COMMON_BLOCKS = YES;
				GCC_OPTIMIZATION_LEVEL = 0;
				GCC_PREPROCESSOR_DEFINITIONS = (
					"DEBUG=1",
					"$(inherited)",
				);
				GCC_WARN_64_TO_32_BIT_CONVERSION = YES;
				GCC_WARN_ABOUT_RETURN_TYPE = YES_ERROR;
				GCC_WARN_UNDECLARED_SELECTOR = YES;
				GCC_WARN_UNINITIALIZED_AUTOS = YES_AGGRESSIVE;
				GCC_WARN_UNUSED_FUNCTION = YES;
				GCC_WARN_UNUSED_VARIABLE = YES;
				INFOPLIST_FILE = SwiftBBS/Info.plist;
				IPHONEOS_DEPLOYMENT_TARGET = 9.0;
				LD_RUNPATH_SEARCH_PATHS = "$(inherited) @executable_path/Frameworks";
				MTL_ENABLE_DEBUG_INFO = YES;
				ONLY_ACTIVE_ARCH = YES;
				PRODUCT_BUNDLE_IDENTIFIER = asia.groovebab.SwiftBBS;
				PRODUCT_NAME = "$(TARGET_NAME)";
				SDKROOT = iphoneos;
				SWIFT_OPTIMIZATION_LEVEL = "-Onone";
				TARGETED_DEVICE_FAMILY = "1,2";
			};
			name = Debug;
		};
		0AA9B7BD1C498190004D3DE1 /* Release */ = {
			isa = XCBuildConfiguration;
			buildSettings = {
				ALWAYS_SEARCH_USER_PATHS = NO;
				ASSETCATALOG_COMPILER_APPICON_NAME = AppIcon;
				CLANG_CXX_LANGUAGE_STANDARD = "gnu++0x";
				CLANG_CXX_LIBRARY = "libc++";
				CLANG_ENABLE_MODULES = YES;
				CLANG_ENABLE_OBJC_ARC = YES;
				CLANG_WARN_BOOL_CONVERSION = YES;
				CLANG_WARN_CONSTANT_CONVERSION = YES;
				CLANG_WARN_DIRECT_OBJC_ISA_USAGE = YES_ERROR;
				CLANG_WARN_EMPTY_BODY = YES;
				CLANG_WARN_ENUM_CONVERSION = YES;
				CLANG_WARN_INT_CONVERSION = YES;
				CLANG_WARN_OBJC_ROOT_CLASS = YES_ERROR;
				CLANG_WARN_UNREACHABLE_CODE = YES;
				CLANG_WARN__DUPLICATE_METHOD_MATCH = YES;
				"CODE_SIGN_IDENTITY[sdk=iphoneos*]" = "iPhone Developer";
				COPY_PHASE_STRIP = NO;
				ENABLE_NS_ASSERTIONS = NO;
				ENABLE_STRICT_OBJC_MSGSEND = YES;
				GCC_C_LANGUAGE_STANDARD = gnu99;
				GCC_NO_COMMON_BLOCKS = YES;
				GCC_WARN_64_TO_32_BIT_CONVERSION = YES;
				GCC_WARN_ABOUT_RETURN_TYPE = YES_ERROR;
				GCC_WARN_UNDECLARED_SELECTOR = YES;
				GCC_WARN_UNINITIALIZED_AUTOS = YES_AGGRESSIVE;
				GCC_WARN_UNUSED_FUNCTION = YES;
				GCC_WARN_UNUSED_VARIABLE = YES;
				INFOPLIST_FILE = SwiftBBS/Info.plist;
				IPHONEOS_DEPLOYMENT_TARGET = 9.0;
				LD_RUNPATH_SEARCH_PATHS = "$(inherited) @executable_path/Frameworks";
				MTL_ENABLE_DEBUG_INFO = NO;
				PRODUCT_BUNDLE_IDENTIFIER = asia.groovebab.SwiftBBS;
				PRODUCT_NAME = "$(TARGET_NAME)";
				SDKROOT = iphoneos;
				TARGETED_DEVICE_FAMILY = "1,2";
				VALIDATE_PRODUCT = YES;
			};
			name = Release;
		};
		0AA9B7BF1C498190004D3DE1 /* Debug */ = {
			isa = XCBuildConfiguration;
			buildSettings = {
				ALWAYS_SEARCH_USER_PATHS = NO;
				BUNDLE_LOADER = "$(TEST_HOST)";
				CLANG_CXX_LANGUAGE_STANDARD = "gnu++0x";
				CLANG_CXX_LIBRARY = "libc++";
				CLANG_ENABLE_MODULES = YES;
				CLANG_ENABLE_OBJC_ARC = YES;
				CLANG_WARN_BOOL_CONVERSION = YES;
				CLANG_WARN_CONSTANT_CONVERSION = YES;
				CLANG_WARN_DIRECT_OBJC_ISA_USAGE = YES_ERROR;
				CLANG_WARN_EMPTY_BODY = YES;
				CLANG_WARN_ENUM_CONVERSION = YES;
				CLANG_WARN_INT_CONVERSION = YES;
				CLANG_WARN_OBJC_ROOT_CLASS = YES_ERROR;
				CLANG_WARN_UNREACHABLE_CODE = YES;
				CLANG_WARN__DUPLICATE_METHOD_MATCH = YES;
				"CODE_SIGN_IDENTITY[sdk=iphoneos*]" = "iPhone Developer";
				COPY_PHASE_STRIP = NO;
				ENABLE_STRICT_OBJC_MSGSEND = YES;
				ENABLE_TESTABILITY = YES;
				GCC_C_LANGUAGE_STANDARD = gnu99;
				GCC_DYNAMIC_NO_PIC = NO;
				GCC_NO_COMMON_BLOCKS = YES;
				GCC_OPTIMIZATION_LEVEL = 0;
				GCC_PREPROCESSOR_DEFINITIONS = (
					"DEBUG=1",
					"$(inherited)",
				);
				GCC_WARN_64_TO_32_BIT_CONVERSION = YES;
				GCC_WARN_ABOUT_RETURN_TYPE = YES_ERROR;
				GCC_WARN_UNDECLARED_SELECTOR = YES;
				GCC_WARN_UNINITIALIZED_AUTOS = YES_AGGRESSIVE;
				GCC_WARN_UNUSED_FUNCTION = YES;
				GCC_WARN_UNUSED_VARIABLE = YES;
				INFOPLIST_FILE = SwiftBBSTests/Info.plist;
				IPHONEOS_DEPLOYMENT_TARGET = 9.2;
				LD_RUNPATH_SEARCH_PATHS = "$(inherited) @executable_path/Frameworks @loader_path/Frameworks";
				MTL_ENABLE_DEBUG_INFO = YES;
				ONLY_ACTIVE_ARCH = YES;
				PRODUCT_BUNDLE_IDENTIFIER = asia.groovebab.SwiftBBSTests;
				PRODUCT_NAME = "$(TARGET_NAME)";
				SDKROOT = iphoneos;
				TEST_HOST = "$(BUILT_PRODUCTS_DIR)/SwiftBBS.app/SwiftBBS";
			};
			name = Debug;
		};
		0AA9B7C01C498190004D3DE1 /* Release */ = {
			isa = XCBuildConfiguration;
			buildSettings = {
				ALWAYS_SEARCH_USER_PATHS = NO;
				BUNDLE_LOADER = "$(TEST_HOST)";
				CLANG_CXX_LANGUAGE_STANDARD = "gnu++0x";
				CLANG_CXX_LIBRARY = "libc++";
				CLANG_ENABLE_MODULES = YES;
				CLANG_ENABLE_OBJC_ARC = YES;
				CLANG_WARN_BOOL_CONVERSION = YES;
				CLANG_WARN_CONSTANT_CONVERSION = YES;
				CLANG_WARN_DIRECT_OBJC_ISA_USAGE = YES_ERROR;
				CLANG_WARN_EMPTY_BODY = YES;
				CLANG_WARN_ENUM_CONVERSION = YES;
				CLANG_WARN_INT_CONVERSION = YES;
				CLANG_WARN_OBJC_ROOT_CLASS = YES_ERROR;
				CLANG_WARN_UNREACHABLE_CODE = YES;
				CLANG_WARN__DUPLICATE_METHOD_MATCH = YES;
				"CODE_SIGN_IDENTITY[sdk=iphoneos*]" = "iPhone Developer";
				COPY_PHASE_STRIP = NO;
				ENABLE_NS_ASSERTIONS = NO;
				ENABLE_STRICT_OBJC_MSGSEND = YES;
				GCC_C_LANGUAGE_STANDARD = gnu99;
				GCC_NO_COMMON_BLOCKS = YES;
				GCC_WARN_64_TO_32_BIT_CONVERSION = YES;
				GCC_WARN_ABOUT_RETURN_TYPE = YES_ERROR;
				GCC_WARN_UNDECLARED_SELECTOR = YES;
				GCC_WARN_UNINITIALIZED_AUTOS = YES_AGGRESSIVE;
				GCC_WARN_UNUSED_FUNCTION = YES;
				GCC_WARN_UNUSED_VARIABLE = YES;
				INFOPLIST_FILE = SwiftBBSTests/Info.plist;
				IPHONEOS_DEPLOYMENT_TARGET = 9.2;
				LD_RUNPATH_SEARCH_PATHS = "$(inherited) @executable_path/Frameworks @loader_path/Frameworks";
				MTL_ENABLE_DEBUG_INFO = NO;
				PRODUCT_BUNDLE_IDENTIFIER = asia.groovebab.SwiftBBSTests;
				PRODUCT_NAME = "$(TARGET_NAME)";
				SDKROOT = iphoneos;
				TEST_HOST = "$(BUILT_PRODUCTS_DIR)/SwiftBBS.app/SwiftBBS";
				VALIDATE_PRODUCT = YES;
			};
			name = Release;
		};
		0AA9B7C21C498190004D3DE1 /* Debug */ = {
			isa = XCBuildConfiguration;
			buildSettings = {
				ALWAYS_SEARCH_USER_PATHS = NO;
				CLANG_CXX_LANGUAGE_STANDARD = "gnu++0x";
				CLANG_CXX_LIBRARY = "libc++";
				CLANG_ENABLE_MODULES = YES;
				CLANG_ENABLE_OBJC_ARC = YES;
				CLANG_WARN_BOOL_CONVERSION = YES;
				CLANG_WARN_CONSTANT_CONVERSION = YES;
				CLANG_WARN_DIRECT_OBJC_ISA_USAGE = YES_ERROR;
				CLANG_WARN_EMPTY_BODY = YES;
				CLANG_WARN_ENUM_CONVERSION = YES;
				CLANG_WARN_INT_CONVERSION = YES;
				CLANG_WARN_OBJC_ROOT_CLASS = YES_ERROR;
				CLANG_WARN_UNREACHABLE_CODE = YES;
				CLANG_WARN__DUPLICATE_METHOD_MATCH = YES;
				"CODE_SIGN_IDENTITY[sdk=iphoneos*]" = "iPhone Developer";
				COPY_PHASE_STRIP = NO;
				ENABLE_STRICT_OBJC_MSGSEND = YES;
				ENABLE_TESTABILITY = YES;
				GCC_C_LANGUAGE_STANDARD = gnu99;
				GCC_DYNAMIC_NO_PIC = NO;
				GCC_NO_COMMON_BLOCKS = YES;
				GCC_OPTIMIZATION_LEVEL = 0;
				GCC_PREPROCESSOR_DEFINITIONS = (
					"DEBUG=1",
					"$(inherited)",
				);
				GCC_WARN_64_TO_32_BIT_CONVERSION = YES;
				GCC_WARN_ABOUT_RETURN_TYPE = YES_ERROR;
				GCC_WARN_UNDECLARED_SELECTOR = YES;
				GCC_WARN_UNINITIALIZED_AUTOS = YES_AGGRESSIVE;
				GCC_WARN_UNUSED_FUNCTION = YES;
				GCC_WARN_UNUSED_VARIABLE = YES;
				INFOPLIST_FILE = SwiftBBSUITests/Info.plist;
				IPHONEOS_DEPLOYMENT_TARGET = 9.2;
				LD_RUNPATH_SEARCH_PATHS = "$(inherited) @executable_path/Frameworks @loader_path/Frameworks";
				MTL_ENABLE_DEBUG_INFO = YES;
				ONLY_ACTIVE_ARCH = YES;
				PRODUCT_BUNDLE_IDENTIFIER = asia.groovebab.SwiftBBSUITests;
				PRODUCT_NAME = "$(TARGET_NAME)";
				SDKROOT = iphoneos;
				TEST_TARGET_NAME = SwiftBBS;
				USES_XCTRUNNER = YES;
			};
			name = Debug;
		};
		0AA9B7C31C498190004D3DE1 /* Release */ = {
			isa = XCBuildConfiguration;
			buildSettings = {
				ALWAYS_SEARCH_USER_PATHS = NO;
				CLANG_CXX_LANGUAGE_STANDARD = "gnu++0x";
				CLANG_CXX_LIBRARY = "libc++";
				CLANG_ENABLE_MODULES = YES;
				CLANG_ENABLE_OBJC_ARC = YES;
				CLANG_WARN_BOOL_CONVERSION = YES;
				CLANG_WARN_CONSTANT_CONVERSION = YES;
				CLANG_WARN_DIRECT_OBJC_ISA_USAGE = YES_ERROR;
				CLANG_WARN_EMPTY_BODY = YES;
				CLANG_WARN_ENUM_CONVERSION = YES;
				CLANG_WARN_INT_CONVERSION = YES;
				CLANG_WARN_OBJC_ROOT_CLASS = YES_ERROR;
				CLANG_WARN_UNREACHABLE_CODE = YES;
				CLANG_WARN__DUPLICATE_METHOD_MATCH = YES;
				"CODE_SIGN_IDENTITY[sdk=iphoneos*]" = "iPhone Developer";
				COPY_PHASE_STRIP = NO;
				ENABLE_NS_ASSERTIONS = NO;
				ENABLE_STRICT_OBJC_MSGSEND = YES;
				GCC_C_LANGUAGE_STANDARD = gnu99;
				GCC_NO_COMMON_BLOCKS = YES;
				GCC_WARN_64_TO_32_BIT_CONVERSION = YES;
				GCC_WARN_ABOUT_RETURN_TYPE = YES_ERROR;
				GCC_WARN_UNDECLARED_SELECTOR = YES;
				GCC_WARN_UNINITIALIZED_AUTOS = YES_AGGRESSIVE;
				GCC_WARN_UNUSED_FUNCTION = YES;
				GCC_WARN_UNUSED_VARIABLE = YES;
				INFOPLIST_FILE = SwiftBBSUITests/Info.plist;
				IPHONEOS_DEPLOYMENT_TARGET = 9.2;
				LD_RUNPATH_SEARCH_PATHS = "$(inherited) @executable_path/Frameworks @loader_path/Frameworks";
				MTL_ENABLE_DEBUG_INFO = NO;
				PRODUCT_BUNDLE_IDENTIFIER = asia.groovebab.SwiftBBSUITests;
				PRODUCT_NAME = "$(TARGET_NAME)";
				SDKROOT = iphoneos;
				TEST_TARGET_NAME = SwiftBBS;
				USES_XCTRUNNER = YES;
				VALIDATE_PRODUCT = YES;
			};
			name = Release;
		};
/* End XCBuildConfiguration section */

/* Begin XCConfigurationList section */
		0A98F5621C36A9FB00E94B9D /* Build configuration list for PBXProject "SwiftBBS" */ = {
			isa = XCConfigurationList;
			buildConfigurations = (
				0A98F5631C36A9FB00E94B9D /* Debug */,
				0A98F5641C36A9FB00E94B9D /* Release */,
			);
			defaultConfigurationIsVisible = 0;
			defaultConfigurationName = Release;
		};
		0A98F5981C36B4D800E94B9D /* Build configuration list for PBXNativeTarget "SwiftBBS Server" */ = {
			isa = XCConfigurationList;
			buildConfigurations = (
				0A98F5991C36B4D800E94B9D /* Debug */,
				0A98F59A1C36B4D800E94B9D /* Release */,
			);
			defaultConfigurationIsVisible = 0;
			defaultConfigurationName = Release;
		};
		0A98F59B1C36B4D800E94B9D /* Build configuration list for PBXNativeTarget "SwiftBBS ServerTests" */ = {
			isa = XCConfigurationList;
			buildConfigurations = (
				0A98F59C1C36B4D800E94B9D /* Debug */,
				0A98F59D1C36B4D800E94B9D /* Release */,
			);
			defaultConfigurationIsVisible = 0;
			defaultConfigurationName = Release;
		};
		0AA9B7BB1C498190004D3DE1 /* Build configuration list for PBXNativeTarget "SwiftBBS" */ = {
			isa = XCConfigurationList;
			buildConfigurations = (
				0AA9B7BC1C498190004D3DE1 /* Debug */,
				0AA9B7BD1C498190004D3DE1 /* Release */,
			);
			defaultConfigurationIsVisible = 0;
			defaultConfigurationName = Release;
		};
		0AA9B7BE1C498190004D3DE1 /* Build configuration list for PBXNativeTarget "SwiftBBSTests" */ = {
			isa = XCConfigurationList;
			buildConfigurations = (
				0AA9B7BF1C498190004D3DE1 /* Debug */,
				0AA9B7C01C498190004D3DE1 /* Release */,
			);
			defaultConfigurationIsVisible = 0;
			defaultConfigurationName = Release;
		};
		0AA9B7C11C498190004D3DE1 /* Build configuration list for PBXNativeTarget "SwiftBBSUITests" */ = {
			isa = XCConfigurationList;
			buildConfigurations = (
				0AA9B7C21C498190004D3DE1 /* Debug */,
				0AA9B7C31C498190004D3DE1 /* Release */,
			);
			defaultConfigurationIsVisible = 0;
			defaultConfigurationName = Release;
		};
/* End XCConfigurationList section */
	};
	rootObject = 0A98F55F1C36A9FB00E94B9D /* Project object */;
}
